// !$*UTF8*$!
{
	archiveVersion = 1;
	classes = {
	};
	objectVersion = 56;
	objects = {

/* Begin PBXBuildFile section */
		2782EE642A340C4E00010BDA /* ChosingProvince.swift in Sources */ = {isa = PBXBuildFile; fileRef = 2782EE632A340C4E00010BDA /* ChosingProvince.swift */; };
		2782EE662A340CAC00010BDA /* ChosingDistrictView.swift in Sources */ = {isa = PBXBuildFile; fileRef = 2782EE652A340CAC00010BDA /* ChosingDistrictView.swift */; };
		2782EE6C2A3418E400010BDA /* FakeData.swift in Sources */ = {isa = PBXBuildFile; fileRef = 2782EE6B2A3418E400010BDA /* FakeData.swift */; };
		2782EE6F2A3426E300010BDA /* fakeJson.json in Resources */ = {isa = PBXBuildFile; fileRef = 2782EE6E2A3426E300010BDA /* fakeJson.json */; };
		2782EE712A342D9800010BDA /* Extentions.swift in Sources */ = {isa = PBXBuildFile; fileRef = 2782EE702A342D9800010BDA /* Extentions.swift */; };
		278B4FA12A2DDEBB008AEA1B /* PostModel.swift in Sources */ = {isa = PBXBuildFile; fileRef = 278B4F9E2A2DDEBA008AEA1B /* PostModel.swift */; };
		278B4FA22A2DDEBB008AEA1B /* ImagePicker.swift in Sources */ = {isa = PBXBuildFile; fileRef = 278B4F9F2A2DDEBB008AEA1B /* ImagePicker.swift */; };
		278B4FA32A2DDEBB008AEA1B /* PostModelBuilder.swift in Sources */ = {isa = PBXBuildFile; fileRef = 278B4FA02A2DDEBB008AEA1B /* PostModelBuilder.swift */; };
		278B4FA62A2DDEE7008AEA1B /* StorageProtocol.swift in Sources */ = {isa = PBXBuildFile; fileRef = 278B4FA42A2DDEE6008AEA1B /* StorageProtocol.swift */; };
		278B4FA72A2DDEE7008AEA1B /* FirestoreProtocol.swift in Sources */ = {isa = PBXBuildFile; fileRef = 278B4FA52A2DDEE7008AEA1B /* FirestoreProtocol.swift */; };
		278B4FA92A2DDEF9008AEA1B /* DependencyContainer.swift in Sources */ = {isa = PBXBuildFile; fileRef = 278B4FA82A2DDEF9008AEA1B /* DependencyContainer.swift */; };
		278B4FB92A2DDF16008AEA1B /* GetAllPostViewModel.swift in Sources */ = {isa = PBXBuildFile; fileRef = 278B4FAC2A2DDF15008AEA1B /* GetAllPostViewModel.swift */; };
		278B4FBA2A2DDF16008AEA1B /* GetAllPostView.swift in Sources */ = {isa = PBXBuildFile; fileRef = 278B4FAD2A2DDF15008AEA1B /* GetAllPostView.swift */; };
		278B4FBB2A2DDF16008AEA1B /* PostItemView.swift in Sources */ = {isa = PBXBuildFile; fileRef = 278B4FAF2A2DDF15008AEA1B /* PostItemView.swift */; };
		278B4FBC2A2DDF16008AEA1B /* PostingScreenViewModel.swift in Sources */ = {isa = PBXBuildFile; fileRef = 278B4FB12A2DDF16008AEA1B /* PostingScreenViewModel.swift */; };
		278B4FBD2A2DDF16008AEA1B /* OutlineTextFieldView.swift in Sources */ = {isa = PBXBuildFile; fileRef = 278B4FB32A2DDF16008AEA1B /* OutlineTextFieldView.swift */; };
		278B4FBE2A2DDF16008AEA1B /* FakeDropDownView.swift in Sources */ = {isa = PBXBuildFile; fileRef = 278B4FB42A2DDF16008AEA1B /* FakeDropDownView.swift */; };
		278B4FBF2A2DDF16008AEA1B /* ShowImagesView.swift in Sources */ = {isa = PBXBuildFile; fileRef = 278B4FB62A2DDF16008AEA1B /* ShowImagesView.swift */; };
		278B4FC02A2DDF16008AEA1B /* VideoThumbnailView.swift in Sources */ = {isa = PBXBuildFile; fileRef = 278B4FB72A2DDF16008AEA1B /* VideoThumbnailView.swift */; };
		278B4FC12A2DDF16008AEA1B /* PostingScreenView.swift in Sources */ = {isa = PBXBuildFile; fileRef = 278B4FB82A2DDF16008AEA1B /* PostingScreenView.swift */; };
		278B4FC52A2DDFE7008AEA1B /* StorageService.swift in Sources */ = {isa = PBXBuildFile; fileRef = 278B4FC32A2DDFE7008AEA1B /* StorageService.swift */; };
		278B4FC62A2DDFE7008AEA1B /* FirestoreService.swift in Sources */ = {isa = PBXBuildFile; fileRef = 278B4FC42A2DDFE7008AEA1B /* FirestoreService.swift */; };
		278D14DF2A38488100F23B0B /* Constants.swift in Sources */ = {isa = PBXBuildFile; fileRef = 278D14DE2A38488100F23B0B /* Constants.swift */; };
		278D14E12A386C2E00F23B0B /* EditAvatarView.swift in Sources */ = {isa = PBXBuildFile; fileRef = 278D14E02A386C2E00F23B0B /* EditAvatarView.swift */; };
		278D14E32A38705E00F23B0B /* EditAvatarViewModel.swift in Sources */ = {isa = PBXBuildFile; fileRef = 278D14E22A38705E00F23B0B /* EditAvatarViewModel.swift */; };
		27B2FBEB2A31D1940084F184 /* PhoneAuthViewModel.swift in Sources */ = {isa = PBXBuildFile; fileRef = 27B2FBEA2A31D1940084F184 /* PhoneAuthViewModel.swift */; };
		27B2FBED2A31EC580084F184 /* AccountView.swift in Sources */ = {isa = PBXBuildFile; fileRef = 27B2FBEC2A31EC580084F184 /* AccountView.swift */; };
		27CB59CB2A2D9AEE0079FFC8 /* GoogleService-Info.plist in Resources */ = {isa = PBXBuildFile; fileRef = 27CB59CA2A2D9AEE0079FFC8 /* GoogleService-Info.plist */; };
		27CB59CE2A2DBDE60079FFC8 /* WorkSans.ttf in Resources */ = {isa = PBXBuildFile; fileRef = 27CB59CD2A2DBD310079FFC8 /* WorkSans.ttf */; };
		27CB59CF2A2DBDEA0079FFC8 /* WorkSansBold.ttf in Resources */ = {isa = PBXBuildFile; fileRef = 27CB59CC2A2DBD300079FFC8 /* WorkSansBold.ttf */; };
		27CB5A382A2DC4E30079FFC8 /* SceneDelegate.swift in Sources */ = {isa = PBXBuildFile; fileRef = 27CB5A372A2DC4E30079FFC8 /* SceneDelegate.swift */; };
		27CB5A3E2A2DC5B50079FFC8 /* Utilities.swift in Sources */ = {isa = PBXBuildFile; fileRef = 27CB5A3A2A2DC5B50079FFC8 /* Utilities.swift */; };
		27CB5A7C2A2DC62D0079FFC8 /* ShareModel.swift in Sources */ = {isa = PBXBuildFile; fileRef = 27CB5A432A2DC62A0079FFC8 /* ShareModel.swift */; };
		27CB5A7D2A2DC62D0079FFC8 /* SignUpViewModel.swift in Sources */ = {isa = PBXBuildFile; fileRef = 27CB5A472A2DC62B0079FFC8 /* SignUpViewModel.swift */; };
		27CB5A7E2A2DC62D0079FFC8 /* SignUpView.swift in Sources */ = {isa = PBXBuildFile; fileRef = 27CB5A482A2DC62B0079FFC8 /* SignUpView.swift */; };
		27CB5A7F2A2DC62D0079FFC8 /* ConfirmPhoneNumberView.swift in Sources */ = {isa = PBXBuildFile; fileRef = 27CB5A4A2A2DC62B0079FFC8 /* ConfirmPhoneNumberView.swift */; };
		27CB5A802A2DC62D0079FFC8 /* ConfirmPhoneNumberViewModel.swift in Sources */ = {isa = PBXBuildFile; fileRef = 27CB5A4B2A2DC62B0079FFC8 /* ConfirmPhoneNumberViewModel.swift */; };
		27CB5A812A2DC62D0079FFC8 /* SignUpSuccessView.swift in Sources */ = {isa = PBXBuildFile; fileRef = 27CB5A4D2A2DC62B0079FFC8 /* SignUpSuccessView.swift */; };
		27CB5A822A2DC62D0079FFC8 /* ExtensionView.swift in Sources */ = {isa = PBXBuildFile; fileRef = 27CB5A4E2A2DC62B0079FFC8 /* ExtensionView.swift */; };
		27CB5A832A2DC62D0079FFC8 /* HomeViewModel.swift in Sources */ = {isa = PBXBuildFile; fileRef = 27CB5A502A2DC62B0079FFC8 /* HomeViewModel.swift */; };
		27CB5A842A2DC62D0079FFC8 /* HomeView.swift in Sources */ = {isa = PBXBuildFile; fileRef = 27CB5A512A2DC62B0079FFC8 /* HomeView.swift */; };
		27CB5A852A2DC62D0079FFC8 /* ForgetPasswordView.swift in Sources */ = {isa = PBXBuildFile; fileRef = 27CB5A552A2DC62B0079FFC8 /* ForgetPasswordView.swift */; };
		27CB5A862A2DC62D0079FFC8 /* ForgetPasswordViewModel.swift in Sources */ = {isa = PBXBuildFile; fileRef = 27CB5A562A2DC62B0079FFC8 /* ForgetPasswordViewModel.swift */; };
		27CB5A872A2DC62D0079FFC8 /* CreateNewPasswordView.swift in Sources */ = {isa = PBXBuildFile; fileRef = 27CB5A582A2DC62B0079FFC8 /* CreateNewPasswordView.swift */; };
		27CB5A892A2DC62D0079FFC8 /* PhoneVerificationView.swift in Sources */ = {isa = PBXBuildFile; fileRef = 27CB5A5B2A2DC62B0079FFC8 /* PhoneVerificationView.swift */; };
		27CB5A8A2A2DC62D0079FFC8 /* PhoneVerificationViewModel.swift in Sources */ = {isa = PBXBuildFile; fileRef = 27CB5A5C2A2DC62B0079FFC8 /* PhoneVerificationViewModel.swift */; };
		27CB5A8B2A2DC62D0079FFC8 /* LoginView.swift in Sources */ = {isa = PBXBuildFile; fileRef = 27CB5A5E2A2DC62B0079FFC8 /* LoginView.swift */; };
		27CB5A8C2A2DC62D0079FFC8 /* AppleSignInViewModel.swift in Sources */ = {isa = PBXBuildFile; fileRef = 27CB5A612A2DC62B0079FFC8 /* AppleSignInViewModel.swift */; };
		27CB5A8D2A2DC62D0079FFC8 /* AppleSignInView.swift in Sources */ = {isa = PBXBuildFile; fileRef = 27CB5A622A2DC62B0079FFC8 /* AppleSignInView.swift */; };
		27CB5A8E2A2DC62D0079FFC8 /* FacebookSignInViewModel.swift in Sources */ = {isa = PBXBuildFile; fileRef = 27CB5A642A2DC62B0079FFC8 /* FacebookSignInViewModel.swift */; };
		27CB5A8F2A2DC62D0079FFC8 /* FacebookSignInView.swift in Sources */ = {isa = PBXBuildFile; fileRef = 27CB5A652A2DC62B0079FFC8 /* FacebookSignInView.swift */; };
		27CB5A902A2DC62D0079FFC8 /* GoogleSignInViewModel.swift in Sources */ = {isa = PBXBuildFile; fileRef = 27CB5A672A2DC62B0079FFC8 /* GoogleSignInViewModel.swift */; };
		27CB5A912A2DC62D0079FFC8 /* GoogleSignInView.swift in Sources */ = {isa = PBXBuildFile; fileRef = 27CB5A682A2DC62B0079FFC8 /* GoogleSignInView.swift */; };
		27CB5A922A2DC62D0079FFC8 /* OutlineTextfieldView.swift in Sources */ = {isa = PBXBuildFile; fileRef = 27CB5A6A2A2DC62B0079FFC8 /* OutlineTextfieldView.swift */; };
		27CB5A932A2DC62D0079FFC8 /* PhoneSignInView.swift in Sources */ = {isa = PBXBuildFile; fileRef = 27CB5A6B2A2DC62B0079FFC8 /* PhoneSignInView.swift */; };
		27CB5A942A2DC62D0079FFC8 /* ContentView.swift in Sources */ = {isa = PBXBuildFile; fileRef = 27CB5A6C2A2DC62B0079FFC8 /* ContentView.swift */; };
		27CB5A952A2DC62D0079FFC8 /* AuthenticationModel.swift in Sources */ = {isa = PBXBuildFile; fileRef = 27CB5A6E2A2DC62C0079FFC8 /* AuthenticationModel.swift */; };
		27CB5A962A2DC62D0079FFC8 /* UserModel.swift in Sources */ = {isa = PBXBuildFile; fileRef = 27CB5A6F2A2DC62C0079FFC8 /* UserModel.swift */; };
		27CB5A972A2DC62D0079FFC8 /* AuthService.swift in Sources */ = {isa = PBXBuildFile; fileRef = 27CB5A712A2DC62D0079FFC8 /* AuthService.swift */; };
		27CB5A982A2DC62D0079FFC8 /* ConfirmOTPService.swift in Sources */ = {isa = PBXBuildFile; fileRef = 27CB5A732A2DC62D0079FFC8 /* ConfirmOTPService.swift */; };
		27CB5A992A2DC62D0079FFC8 /* GoogleAuthService.swift in Sources */ = {isa = PBXBuildFile; fileRef = 27CB5A742A2DC62D0079FFC8 /* GoogleAuthService.swift */; };
		27CB5A9A2A2DC62D0079FFC8 /* BaseService.swift in Sources */ = {isa = PBXBuildFile; fileRef = 27CB5A752A2DC62D0079FFC8 /* BaseService.swift */; };
		27CB5A9B2A2DC62D0079FFC8 /* SendSmsOTPService.swift in Sources */ = {isa = PBXBuildFile; fileRef = 27CB5A762A2DC62D0079FFC8 /* SendSmsOTPService.swift */; };
		27CB5A9C2A2DC62D0079FFC8 /* FacebookAuthService.swift in Sources */ = {isa = PBXBuildFile; fileRef = 27CB5A772A2DC62D0079FFC8 /* FacebookAuthService.swift */; };
		27CB5A9D2A2DC62D0079FFC8 /* AppleAuthService.swift in Sources */ = {isa = PBXBuildFile; fileRef = 27CB5A782A2DC62D0079FFC8 /* AppleAuthService.swift */; };
		27CB5A9E2A2DC62D0079FFC8 /* AuthServiceProtocol.swift in Sources */ = {isa = PBXBuildFile; fileRef = 27CB5A7A2A2DC62D0079FFC8 /* AuthServiceProtocol.swift */; };
		27CB5A9F2A2DC62D0079FFC8 /* SignInServiceProtocol.swift in Sources */ = {isa = PBXBuildFile; fileRef = 27CB5A7B2A2DC62D0079FFC8 /* SignInServiceProtocol.swift */; };
		27CED14B2A36C91F00EFFC6E /* ChosingCommuneView.swift in Sources */ = {isa = PBXBuildFile; fileRef = 27CED14A2A36C91F00EFFC6E /* ChosingCommuneView.swift */; };
		27CED14D2A370D1500EFFC6E /* AccountModel.swift in Sources */ = {isa = PBXBuildFile; fileRef = 27CED14C2A370D1500EFFC6E /* AccountModel.swift */; };
		27CED14F2A37554300EFFC6E /* EditInfomationViewModel.swift in Sources */ = {isa = PBXBuildFile; fileRef = 27CED14E2A37554300EFFC6E /* EditInfomationViewModel.swift */; };
		27D436E82A32B6CD003CD4F8 /* MainView.swift in Sources */ = {isa = PBXBuildFile; fileRef = 27D436E72A32B6CD003CD4F8 /* MainView.swift */; };
		27D436EF2A32DC9B003CD4F8 /* EditInfomationView.swift in Sources */ = {isa = PBXBuildFile; fileRef = 27D436EE2A32DC9B003CD4F8 /* EditInfomationView.swift */; };
		27D436F22A330777003CD4F8 /* OutlineWithOptionView.swift in Sources */ = {isa = PBXBuildFile; fileRef = 27D436F12A330777003CD4F8 /* OutlineWithOptionView.swift */; };
		27D436F52A330E85003CD4F8 /* AddressView.swift in Sources */ = {isa = PBXBuildFile; fileRef = 27D436F42A330E85003CD4F8 /* AddressView.swift */; };
		27D436F82A331964003CD4F8 /* IdentificationView.swift in Sources */ = {isa = PBXBuildFile; fileRef = 27D436F72A331964003CD4F8 /* IdentificationView.swift */; };
		340090F9B0030B98E9B936B5 /* Pods_DefaultProject.framework in Frameworks */ = {isa = PBXBuildFile; fileRef = DB00295B6C25695233567020 /* Pods_DefaultProject.framework */; };
		CA2223472A2BB329005164BB /* DefaultProjectApp.swift in Sources */ = {isa = PBXBuildFile; fileRef = CA2223462A2BB329005164BB /* DefaultProjectApp.swift */; };
		CA22234B2A2BB32A005164BB /* Assets.xcassets in Resources */ = {isa = PBXBuildFile; fileRef = CA22234A2A2BB32A005164BB /* Assets.xcassets */; };
		CA22234E2A2BB32A005164BB /* Preview Assets.xcassets in Resources */ = {isa = PBXBuildFile; fileRef = CA22234D2A2BB32A005164BB /* Preview Assets.xcassets */; };
		CA2223952A2BB34A005164BB /* User.swift in Sources */ = {isa = PBXBuildFile; fileRef = CA2223562A2BB34A005164BB /* User.swift */; };
		CA2223962A2BB34A005164BB /* IAPHandler.swift in Sources */ = {isa = PBXBuildFile; fileRef = CA2223572A2BB34A005164BB /* IAPHandler.swift */; };
		CA2223972A2BB34A005164BB /* SkeletonView.swift in Sources */ = {isa = PBXBuildFile; fileRef = CA2223592A2BB34A005164BB /* SkeletonView.swift */; };
		CA2223982A2BB34A005164BB /* TextShimer.swift in Sources */ = {isa = PBXBuildFile; fileRef = CA22235A2A2BB34A005164BB /* TextShimer.swift */; };
		CA2223992A2BB34A005164BB /* CustomActivity.swift in Sources */ = {isa = PBXBuildFile; fileRef = CA22235B2A2BB34A005164BB /* CustomActivity.swift */; };
		CA22239A2A2BB34A005164BB /* WebView.swift in Sources */ = {isa = PBXBuildFile; fileRef = CA22235C2A2BB34A005164BB /* WebView.swift */; };
		CA22239B2A2BB34A005164BB /* TextView.swift in Sources */ = {isa = PBXBuildFile; fileRef = CA22235D2A2BB34A005164BB /* TextView.swift */; };
		CA22239C2A2BB34A005164BB /* MarqueeText.swift in Sources */ = {isa = PBXBuildFile; fileRef = CA22235E2A2BB34A005164BB /* MarqueeText.swift */; };
		CA22239D2A2BB34A005164BB /* CircleProgressView.swift in Sources */ = {isa = PBXBuildFile; fileRef = CA22235F2A2BB34A005164BB /* CircleProgressView.swift */; };
		CA22239E2A2BB34A005164BB /* CustomSheet.swift in Sources */ = {isa = PBXBuildFile; fileRef = CA2223602A2BB34A005164BB /* CustomSheet.swift */; };
		CA22239F2A2BB34A005164BB /* SwiftUIBannerAd.swift in Sources */ = {isa = PBXBuildFile; fileRef = CA2223622A2BB34A005164BB /* SwiftUIBannerAd.swift */; };
		CA2223A02A2BB34A005164BB /* AdsOpenAd.swift in Sources */ = {isa = PBXBuildFile; fileRef = CA2223632A2BB34A005164BB /* AdsOpenAd.swift */; };
		CA2223A12A2BB34A005164BB /* GADNativeViewController.swift in Sources */ = {isa = PBXBuildFile; fileRef = CA2223642A2BB34A005164BB /* GADNativeViewController.swift */; };
		CA2223A22A2BB34A005164BB /* NativeAdView.xib in Resources */ = {isa = PBXBuildFile; fileRef = CA2223652A2BB34A005164BB /* NativeAdView.xib */; };
		CA2223A32A2BB34A005164BB /* NativeContentView.swift in Sources */ = {isa = PBXBuildFile; fileRef = CA2223662A2BB34A005164BB /* NativeContentView.swift */; };
		CA2223A42A2BB34A005164BB /* RewardedAd.swift in Sources */ = {isa = PBXBuildFile; fileRef = CA2223672A2BB34A005164BB /* RewardedAd.swift */; };
		CA2223A52A2BB34A005164BB /* InterstitialAd.swift in Sources */ = {isa = PBXBuildFile; fileRef = CA2223682A2BB34A005164BB /* InterstitialAd.swift */; };
		CA2223A62A2BB34A005164BB /* Giftcode.swift in Sources */ = {isa = PBXBuildFile; fileRef = CA22236A2A2BB34A005164BB /* Giftcode.swift */; };
		CA2223A72A2BB34A005164BB /* Network.swift in Sources */ = {isa = PBXBuildFile; fileRef = CA22236B2A2BB34A005164BB /* Network.swift */; };
		CA2223A82A2BB34A005164BB /* LocalNotification.swift in Sources */ = {isa = PBXBuildFile; fileRef = CA22236C2A2BB34A005164BB /* LocalNotification.swift */; };
		CA2223A92A2BB34A005164BB /* MyAlert.swift in Sources */ = {isa = PBXBuildFile; fileRef = CA22236D2A2BB34A005164BB /* MyAlert.swift */; };
		CA2223AA2A2BB34A005164BB /* Mail.swift in Sources */ = {isa = PBXBuildFile; fileRef = CA22236E2A2BB34A005164BB /* Mail.swift */; };
		CA2223AB2A2BB34A005164BB /* CONSTANT.swift in Sources */ = {isa = PBXBuildFile; fileRef = CA2223702A2BB34A005164BB /* CONSTANT.swift */; };
		CA2223AC2A2BB34A005164BB /* SwiftyJSON.swift in Sources */ = {isa = PBXBuildFile; fileRef = CA2223712A2BB34A005164BB /* SwiftyJSON.swift */; };
		CA2223AE2A2BB34A005164BB /* APPCONTROLLER.swift in Sources */ = {isa = PBXBuildFile; fileRef = CA2223732A2BB34A005164BB /* APPCONTROLLER.swift */; };
		CA2223AF2A2BB34A005164BB /* temp_manifest.json in Resources */ = {isa = PBXBuildFile; fileRef = CA2223742A2BB34A005164BB /* temp_manifest.json */; };
		CA2223B32A2BB34A005164BB /* SF-Pro-Display-Regular.otf in Resources */ = {isa = PBXBuildFile; fileRef = CA22237A2A2BB34A005164BB /* SF-Pro-Display-Regular.otf */; };
		CA2223B42A2BB34A005164BB /* SF-Pro-Display-Bold.otf in Resources */ = {isa = PBXBuildFile; fileRef = CA22237B2A2BB34A005164BB /* SF-Pro-Display-Bold.otf */; };
		CA2223B52A2BB34A005164BB /* SF-Pro-Display-Medium.otf in Resources */ = {isa = PBXBuildFile; fileRef = CA22237C2A2BB34A005164BB /* SF-Pro-Display-Medium.otf */; };
		CA2223B62A2BB34A005164BB /* Date.swift in Sources */ = {isa = PBXBuildFile; fileRef = CA22237E2A2BB34A005164BB /* Date.swift */; };
		CA2223B72A2BB34A005164BB /* Array.swift in Sources */ = {isa = PBXBuildFile; fileRef = CA22237F2A2BB34A005164BB /* Array.swift */; };
		CA2223B82A2BB34A005164BB /* FileManager.swift in Sources */ = {isa = PBXBuildFile; fileRef = CA2223802A2BB34A005164BB /* FileManager.swift */; };
		CA2223B92A2BB34A005164BB /* Image.swift in Sources */ = {isa = PBXBuildFile; fileRef = CA2223812A2BB34A005164BB /* Image.swift */; };
		CA2223BA2A2BB34A005164BB /* SafeAreaInsets.swift in Sources */ = {isa = PBXBuildFile; fileRef = CA2223822A2BB34A005164BB /* SafeAreaInsets.swift */; };
		CA2223BB2A2BB34A005164BB /* Int.swift in Sources */ = {isa = PBXBuildFile; fileRef = CA2223832A2BB34A005164BB /* Int.swift */; };
		CA2223BC2A2BB34A005164BB /* UIDevice.swift in Sources */ = {isa = PBXBuildFile; fileRef = CA2223842A2BB34A005164BB /* UIDevice.swift */; };
		CA2223BD2A2BB34A005164BB /* URL.swift in Sources */ = {isa = PBXBuildFile; fileRef = CA2223852A2BB34A005164BB /* URL.swift */; };
		CA2223BE2A2BB34A005164BB /* String.swift in Sources */ = {isa = PBXBuildFile; fileRef = CA2223862A2BB34A005164BB /* String.swift */; };
		CA2223BF2A2BB34A005164BB /* RoundedCross.swift in Sources */ = {isa = PBXBuildFile; fileRef = CA2223892A2BB34A005164BB /* RoundedCross.swift */; };
		CA2223C02A2BB34A005164BB /* Triangle.swift in Sources */ = {isa = PBXBuildFile; fileRef = CA22238A2A2BB34A005164BB /* Triangle.swift */; };
		CA2223C12A2BB34A005164BB /* SlimRectangle.swift in Sources */ = {isa = PBXBuildFile; fileRef = CA22238B2A2BB34A005164BB /* SlimRectangle.swift */; };
		CA2223C22A2BB34A005164BB /* ConfettiSwiftUI.swift in Sources */ = {isa = PBXBuildFile; fileRef = CA22238C2A2BB34A005164BB /* ConfettiSwiftUI.swift */; };
		CA2223C32A2BB34A005164BB /* BytesConverter.swift in Sources */ = {isa = PBXBuildFile; fileRef = CA22238D2A2BB34A005164BB /* BytesConverter.swift */; };
		CA2223C42A2BB34A005164BB /* CGFloat.swift in Sources */ = {isa = PBXBuildFile; fileRef = CA22238E2A2BB34A005164BB /* CGFloat.swift */; };
		CA2223C52A2BB34A005164BB /* Views.swift in Sources */ = {isa = PBXBuildFile; fileRef = CA22238F2A2BB34A005164BB /* Views.swift */; };
		CA2223C62A2BB34A005164BB /* Font.swift in Sources */ = {isa = PBXBuildFile; fileRef = CA2223902A2BB34A005164BB /* Font.swift */; };
		CA2223C72A2BB34A005164BB /* UIApplication.swift in Sources */ = {isa = PBXBuildFile; fileRef = CA2223912A2BB34A005164BB /* UIApplication.swift */; };
		CA2223C82A2BB34A005164BB /* Bundle.swift in Sources */ = {isa = PBXBuildFile; fileRef = CA2223922A2BB34A005164BB /* Bundle.swift */; };
		CA2223C92A2BB34A005164BB /* Color.swift in Sources */ = {isa = PBXBuildFile; fileRef = CA2223932A2BB34A005164BB /* Color.swift */; };
		CA2223CA2A2BB34A005164BB /* TimeInterval.swift in Sources */ = {isa = PBXBuildFile; fileRef = CA2223942A2BB34A005164BB /* TimeInterval.swift */; };
		CA2223CD2A2BB6F8005164BB /* AppDelegate.swift in Sources */ = {isa = PBXBuildFile; fileRef = CA2223CC2A2BB6F8005164BB /* AppDelegate.swift */; };
		CA2223DE2A2BBADC005164BB /* Launch Screen.storyboard in Resources */ = {isa = PBXBuildFile; fileRef = CA2223DD2A2BBADC005164BB /* Launch Screen.storyboard */; };
		CA2223E42A2BC0B1005164BB /* LottieView.swift in Sources */ = {isa = PBXBuildFile; fileRef = CA2223E32A2BC0B1005164BB /* LottieView.swift */; };
		CA2223E62A2BC1CE005164BB /* loading_default.json in Resources */ = {isa = PBXBuildFile; fileRef = CA2223E52A2BC1CE005164BB /* loading_default.json */; };
		CA2223E92A2BCF30005164BB /* Shimmer.swift in Sources */ = {isa = PBXBuildFile; fileRef = CA2223E82A2BCF2F005164BB /* Shimmer.swift */; };
		CA2223EB2A2BD0F3005164BB /* Coordinator.swift in Sources */ = {isa = PBXBuildFile; fileRef = CA2223EA2A2BD0F3005164BB /* Coordinator.swift */; };
		CA2223ED2A2BD434005164BB /* Alerter.swift in Sources */ = {isa = PBXBuildFile; fileRef = CA2223EC2A2BD434005164BB /* Alerter.swift */; };
/* End PBXBuildFile section */

/* Begin PBXFileReference section */
		1C8F34F3EB7BBB7C28CA6A6D /* Pods-DefaultProject.debug.xcconfig */ = {isa = PBXFileReference; includeInIndex = 1; lastKnownFileType = text.xcconfig; name = "Pods-DefaultProject.debug.xcconfig"; path = "Target Support Files/Pods-DefaultProject/Pods-DefaultProject.debug.xcconfig"; sourceTree = "<group>"; };
		2782EE632A340C4E00010BDA /* ChosingProvince.swift */ = {isa = PBXFileReference; lastKnownFileType = sourcecode.swift; path = ChosingProvince.swift; sourceTree = "<group>"; };
		2782EE652A340CAC00010BDA /* ChosingDistrictView.swift */ = {isa = PBXFileReference; lastKnownFileType = sourcecode.swift; path = ChosingDistrictView.swift; sourceTree = "<group>"; };
		2782EE6B2A3418E400010BDA /* FakeData.swift */ = {isa = PBXFileReference; lastKnownFileType = sourcecode.swift; path = FakeData.swift; sourceTree = "<group>"; };
		2782EE6E2A3426E300010BDA /* fakeJson.json */ = {isa = PBXFileReference; lastKnownFileType = text.json; path = fakeJson.json; sourceTree = "<group>"; };
		2782EE702A342D9800010BDA /* Extentions.swift */ = {isa = PBXFileReference; lastKnownFileType = sourcecode.swift; path = Extentions.swift; sourceTree = "<group>"; };
		278B4F9E2A2DDEBA008AEA1B /* PostModel.swift */ = {isa = PBXFileReference; fileEncoding = 4; lastKnownFileType = sourcecode.swift; path = PostModel.swift; sourceTree = "<group>"; };
		278B4F9F2A2DDEBB008AEA1B /* ImagePicker.swift */ = {isa = PBXFileReference; fileEncoding = 4; lastKnownFileType = sourcecode.swift; path = ImagePicker.swift; sourceTree = "<group>"; };
		278B4FA02A2DDEBB008AEA1B /* PostModelBuilder.swift */ = {isa = PBXFileReference; fileEncoding = 4; lastKnownFileType = sourcecode.swift; path = PostModelBuilder.swift; sourceTree = "<group>"; };
		278B4FA42A2DDEE6008AEA1B /* StorageProtocol.swift */ = {isa = PBXFileReference; fileEncoding = 4; lastKnownFileType = sourcecode.swift; path = StorageProtocol.swift; sourceTree = "<group>"; };
		278B4FA52A2DDEE7008AEA1B /* FirestoreProtocol.swift */ = {isa = PBXFileReference; fileEncoding = 4; lastKnownFileType = sourcecode.swift; path = FirestoreProtocol.swift; sourceTree = "<group>"; };
		278B4FA82A2DDEF9008AEA1B /* DependencyContainer.swift */ = {isa = PBXFileReference; fileEncoding = 4; lastKnownFileType = sourcecode.swift; path = DependencyContainer.swift; sourceTree = "<group>"; };
		278B4FAC2A2DDF15008AEA1B /* GetAllPostViewModel.swift */ = {isa = PBXFileReference; fileEncoding = 4; lastKnownFileType = sourcecode.swift; path = GetAllPostViewModel.swift; sourceTree = "<group>"; };
		278B4FAD2A2DDF15008AEA1B /* GetAllPostView.swift */ = {isa = PBXFileReference; fileEncoding = 4; lastKnownFileType = sourcecode.swift; path = GetAllPostView.swift; sourceTree = "<group>"; };
		278B4FAF2A2DDF15008AEA1B /* PostItemView.swift */ = {isa = PBXFileReference; fileEncoding = 4; lastKnownFileType = sourcecode.swift; path = PostItemView.swift; sourceTree = "<group>"; };
		278B4FB12A2DDF16008AEA1B /* PostingScreenViewModel.swift */ = {isa = PBXFileReference; fileEncoding = 4; lastKnownFileType = sourcecode.swift; path = PostingScreenViewModel.swift; sourceTree = "<group>"; };
		278B4FB32A2DDF16008AEA1B /* OutlineTextFieldView.swift */ = {isa = PBXFileReference; fileEncoding = 4; lastKnownFileType = sourcecode.swift; path = OutlineTextFieldView.swift; sourceTree = "<group>"; };
		278B4FB42A2DDF16008AEA1B /* FakeDropDownView.swift */ = {isa = PBXFileReference; fileEncoding = 4; lastKnownFileType = sourcecode.swift; path = FakeDropDownView.swift; sourceTree = "<group>"; };
		278B4FB62A2DDF16008AEA1B /* ShowImagesView.swift */ = {isa = PBXFileReference; fileEncoding = 4; lastKnownFileType = sourcecode.swift; path = ShowImagesView.swift; sourceTree = "<group>"; };
		278B4FB72A2DDF16008AEA1B /* VideoThumbnailView.swift */ = {isa = PBXFileReference; fileEncoding = 4; lastKnownFileType = sourcecode.swift; path = VideoThumbnailView.swift; sourceTree = "<group>"; };
		278B4FB82A2DDF16008AEA1B /* PostingScreenView.swift */ = {isa = PBXFileReference; fileEncoding = 4; lastKnownFileType = sourcecode.swift; path = PostingScreenView.swift; sourceTree = "<group>"; };
		278B4FC32A2DDFE7008AEA1B /* StorageService.swift */ = {isa = PBXFileReference; fileEncoding = 4; lastKnownFileType = sourcecode.swift; path = StorageService.swift; sourceTree = "<group>"; };
		278B4FC42A2DDFE7008AEA1B /* FirestoreService.swift */ = {isa = PBXFileReference; fileEncoding = 4; lastKnownFileType = sourcecode.swift; path = FirestoreService.swift; sourceTree = "<group>"; };
		278D14DE2A38488100F23B0B /* Constants.swift */ = {isa = PBXFileReference; lastKnownFileType = sourcecode.swift; path = Constants.swift; sourceTree = "<group>"; };
		278D14E02A386C2E00F23B0B /* EditAvatarView.swift */ = {isa = PBXFileReference; lastKnownFileType = sourcecode.swift; path = EditAvatarView.swift; sourceTree = "<group>"; };
		278D14E22A38705E00F23B0B /* EditAvatarViewModel.swift */ = {isa = PBXFileReference; lastKnownFileType = sourcecode.swift; path = EditAvatarViewModel.swift; sourceTree = "<group>"; };
		27B2FBEA2A31D1940084F184 /* PhoneAuthViewModel.swift */ = {isa = PBXFileReference; lastKnownFileType = sourcecode.swift; path = PhoneAuthViewModel.swift; sourceTree = "<group>"; };
		27B2FBEC2A31EC580084F184 /* AccountView.swift */ = {isa = PBXFileReference; lastKnownFileType = sourcecode.swift; path = AccountView.swift; sourceTree = "<group>"; };
		27CB59CA2A2D9AEE0079FFC8 /* GoogleService-Info.plist */ = {isa = PBXFileReference; fileEncoding = 4; lastKnownFileType = text.plist.xml; path = "GoogleService-Info.plist"; sourceTree = "<group>"; };
		27CB59CC2A2DBD300079FFC8 /* WorkSansBold.ttf */ = {isa = PBXFileReference; lastKnownFileType = file; path = WorkSansBold.ttf; sourceTree = "<group>"; };
		27CB59CD2A2DBD310079FFC8 /* WorkSans.ttf */ = {isa = PBXFileReference; lastKnownFileType = file; path = WorkSans.ttf; sourceTree = "<group>"; };
		27CB5A372A2DC4E30079FFC8 /* SceneDelegate.swift */ = {isa = PBXFileReference; fileEncoding = 4; lastKnownFileType = sourcecode.swift; path = SceneDelegate.swift; sourceTree = "<group>"; };
		27CB5A3A2A2DC5B50079FFC8 /* Utilities.swift */ = {isa = PBXFileReference; fileEncoding = 4; lastKnownFileType = sourcecode.swift; path = Utilities.swift; sourceTree = "<group>"; };
		27CB5A412A2DC5E00079FFC8 /* DefaultProject.entitlements */ = {isa = PBXFileReference; lastKnownFileType = text.plist.entitlements; path = DefaultProject.entitlements; sourceTree = "<group>"; };
		27CB5A432A2DC62A0079FFC8 /* ShareModel.swift */ = {isa = PBXFileReference; fileEncoding = 4; lastKnownFileType = sourcecode.swift; path = ShareModel.swift; sourceTree = "<group>"; };
		27CB5A472A2DC62B0079FFC8 /* SignUpViewModel.swift */ = {isa = PBXFileReference; fileEncoding = 4; lastKnownFileType = sourcecode.swift; path = SignUpViewModel.swift; sourceTree = "<group>"; };
		27CB5A482A2DC62B0079FFC8 /* SignUpView.swift */ = {isa = PBXFileReference; fileEncoding = 4; lastKnownFileType = sourcecode.swift; path = SignUpView.swift; sourceTree = "<group>"; };
		27CB5A4A2A2DC62B0079FFC8 /* ConfirmPhoneNumberView.swift */ = {isa = PBXFileReference; fileEncoding = 4; lastKnownFileType = sourcecode.swift; path = ConfirmPhoneNumberView.swift; sourceTree = "<group>"; };
		27CB5A4B2A2DC62B0079FFC8 /* ConfirmPhoneNumberViewModel.swift */ = {isa = PBXFileReference; fileEncoding = 4; lastKnownFileType = sourcecode.swift; path = ConfirmPhoneNumberViewModel.swift; sourceTree = "<group>"; };
		27CB5A4D2A2DC62B0079FFC8 /* SignUpSuccessView.swift */ = {isa = PBXFileReference; fileEncoding = 4; lastKnownFileType = sourcecode.swift; path = SignUpSuccessView.swift; sourceTree = "<group>"; };
		27CB5A4E2A2DC62B0079FFC8 /* ExtensionView.swift */ = {isa = PBXFileReference; fileEncoding = 4; lastKnownFileType = sourcecode.swift; path = ExtensionView.swift; sourceTree = "<group>"; };
		27CB5A502A2DC62B0079FFC8 /* HomeViewModel.swift */ = {isa = PBXFileReference; fileEncoding = 4; lastKnownFileType = sourcecode.swift; path = HomeViewModel.swift; sourceTree = "<group>"; };
		27CB5A512A2DC62B0079FFC8 /* HomeView.swift */ = {isa = PBXFileReference; fileEncoding = 4; lastKnownFileType = sourcecode.swift; path = HomeView.swift; sourceTree = "<group>"; };
		27CB5A552A2DC62B0079FFC8 /* ForgetPasswordView.swift */ = {isa = PBXFileReference; fileEncoding = 4; lastKnownFileType = sourcecode.swift; path = ForgetPasswordView.swift; sourceTree = "<group>"; };
		27CB5A562A2DC62B0079FFC8 /* ForgetPasswordViewModel.swift */ = {isa = PBXFileReference; fileEncoding = 4; lastKnownFileType = sourcecode.swift; path = ForgetPasswordViewModel.swift; sourceTree = "<group>"; };
		27CB5A582A2DC62B0079FFC8 /* CreateNewPasswordView.swift */ = {isa = PBXFileReference; fileEncoding = 4; lastKnownFileType = sourcecode.swift; path = CreateNewPasswordView.swift; sourceTree = "<group>"; };
		27CB5A5B2A2DC62B0079FFC8 /* PhoneVerificationView.swift */ = {isa = PBXFileReference; fileEncoding = 4; lastKnownFileType = sourcecode.swift; path = PhoneVerificationView.swift; sourceTree = "<group>"; };
		27CB5A5C2A2DC62B0079FFC8 /* PhoneVerificationViewModel.swift */ = {isa = PBXFileReference; fileEncoding = 4; lastKnownFileType = sourcecode.swift; path = PhoneVerificationViewModel.swift; sourceTree = "<group>"; };
		27CB5A5E2A2DC62B0079FFC8 /* LoginView.swift */ = {isa = PBXFileReference; fileEncoding = 4; lastKnownFileType = sourcecode.swift; path = LoginView.swift; sourceTree = "<group>"; };
		27CB5A612A2DC62B0079FFC8 /* AppleSignInViewModel.swift */ = {isa = PBXFileReference; fileEncoding = 4; lastKnownFileType = sourcecode.swift; path = AppleSignInViewModel.swift; sourceTree = "<group>"; };
		27CB5A622A2DC62B0079FFC8 /* AppleSignInView.swift */ = {isa = PBXFileReference; fileEncoding = 4; lastKnownFileType = sourcecode.swift; path = AppleSignInView.swift; sourceTree = "<group>"; };
		27CB5A642A2DC62B0079FFC8 /* FacebookSignInViewModel.swift */ = {isa = PBXFileReference; fileEncoding = 4; lastKnownFileType = sourcecode.swift; path = FacebookSignInViewModel.swift; sourceTree = "<group>"; };
		27CB5A652A2DC62B0079FFC8 /* FacebookSignInView.swift */ = {isa = PBXFileReference; fileEncoding = 4; lastKnownFileType = sourcecode.swift; path = FacebookSignInView.swift; sourceTree = "<group>"; };
		27CB5A672A2DC62B0079FFC8 /* GoogleSignInViewModel.swift */ = {isa = PBXFileReference; fileEncoding = 4; lastKnownFileType = sourcecode.swift; path = GoogleSignInViewModel.swift; sourceTree = "<group>"; };
		27CB5A682A2DC62B0079FFC8 /* GoogleSignInView.swift */ = {isa = PBXFileReference; fileEncoding = 4; lastKnownFileType = sourcecode.swift; path = GoogleSignInView.swift; sourceTree = "<group>"; };
		27CB5A6A2A2DC62B0079FFC8 /* OutlineTextfieldView.swift */ = {isa = PBXFileReference; fileEncoding = 4; lastKnownFileType = sourcecode.swift; path = OutlineTextfieldView.swift; sourceTree = "<group>"; };
		27CB5A6B2A2DC62B0079FFC8 /* PhoneSignInView.swift */ = {isa = PBXFileReference; fileEncoding = 4; lastKnownFileType = sourcecode.swift; path = PhoneSignInView.swift; sourceTree = "<group>"; };
		27CB5A6C2A2DC62B0079FFC8 /* ContentView.swift */ = {isa = PBXFileReference; fileEncoding = 4; lastKnownFileType = sourcecode.swift; path = ContentView.swift; sourceTree = "<group>"; };
		27CB5A6E2A2DC62C0079FFC8 /* AuthenticationModel.swift */ = {isa = PBXFileReference; fileEncoding = 4; lastKnownFileType = sourcecode.swift; path = AuthenticationModel.swift; sourceTree = "<group>"; };
		27CB5A6F2A2DC62C0079FFC8 /* UserModel.swift */ = {isa = PBXFileReference; fileEncoding = 4; lastKnownFileType = sourcecode.swift; path = UserModel.swift; sourceTree = "<group>"; };
		27CB5A712A2DC62D0079FFC8 /* AuthService.swift */ = {isa = PBXFileReference; fileEncoding = 4; lastKnownFileType = sourcecode.swift; path = AuthService.swift; sourceTree = "<group>"; };
		27CB5A732A2DC62D0079FFC8 /* ConfirmOTPService.swift */ = {isa = PBXFileReference; fileEncoding = 4; lastKnownFileType = sourcecode.swift; path = ConfirmOTPService.swift; sourceTree = "<group>"; };
		27CB5A742A2DC62D0079FFC8 /* GoogleAuthService.swift */ = {isa = PBXFileReference; fileEncoding = 4; lastKnownFileType = sourcecode.swift; path = GoogleAuthService.swift; sourceTree = "<group>"; };
		27CB5A752A2DC62D0079FFC8 /* BaseService.swift */ = {isa = PBXFileReference; fileEncoding = 4; lastKnownFileType = sourcecode.swift; path = BaseService.swift; sourceTree = "<group>"; };
		27CB5A762A2DC62D0079FFC8 /* SendSmsOTPService.swift */ = {isa = PBXFileReference; fileEncoding = 4; lastKnownFileType = sourcecode.swift; path = SendSmsOTPService.swift; sourceTree = "<group>"; };
		27CB5A772A2DC62D0079FFC8 /* FacebookAuthService.swift */ = {isa = PBXFileReference; fileEncoding = 4; lastKnownFileType = sourcecode.swift; path = FacebookAuthService.swift; sourceTree = "<group>"; };
		27CB5A782A2DC62D0079FFC8 /* AppleAuthService.swift */ = {isa = PBXFileReference; fileEncoding = 4; lastKnownFileType = sourcecode.swift; path = AppleAuthService.swift; sourceTree = "<group>"; };
		27CB5A7A2A2DC62D0079FFC8 /* AuthServiceProtocol.swift */ = {isa = PBXFileReference; fileEncoding = 4; lastKnownFileType = sourcecode.swift; path = AuthServiceProtocol.swift; sourceTree = "<group>"; };
		27CB5A7B2A2DC62D0079FFC8 /* SignInServiceProtocol.swift */ = {isa = PBXFileReference; fileEncoding = 4; lastKnownFileType = sourcecode.swift; path = SignInServiceProtocol.swift; sourceTree = "<group>"; };
		27CED14A2A36C91F00EFFC6E /* ChosingCommuneView.swift */ = {isa = PBXFileReference; lastKnownFileType = sourcecode.swift; path = ChosingCommuneView.swift; sourceTree = "<group>"; };
		27CED14C2A370D1500EFFC6E /* AccountModel.swift */ = {isa = PBXFileReference; lastKnownFileType = sourcecode.swift; path = AccountModel.swift; sourceTree = "<group>"; };
		27CED14E2A37554300EFFC6E /* EditInfomationViewModel.swift */ = {isa = PBXFileReference; lastKnownFileType = sourcecode.swift; path = EditInfomationViewModel.swift; sourceTree = "<group>"; };
		27D436E72A32B6CD003CD4F8 /* MainView.swift */ = {isa = PBXFileReference; lastKnownFileType = sourcecode.swift; path = MainView.swift; sourceTree = "<group>"; };
		27D436EE2A32DC9B003CD4F8 /* EditInfomationView.swift */ = {isa = PBXFileReference; lastKnownFileType = sourcecode.swift; path = EditInfomationView.swift; sourceTree = "<group>"; };
		27D436F12A330777003CD4F8 /* OutlineWithOptionView.swift */ = {isa = PBXFileReference; lastKnownFileType = sourcecode.swift; path = OutlineWithOptionView.swift; sourceTree = "<group>"; };
		27D436F42A330E85003CD4F8 /* AddressView.swift */ = {isa = PBXFileReference; lastKnownFileType = sourcecode.swift; path = AddressView.swift; sourceTree = "<group>"; };
		27D436F72A331964003CD4F8 /* IdentificationView.swift */ = {isa = PBXFileReference; lastKnownFileType = sourcecode.swift; path = IdentificationView.swift; sourceTree = "<group>"; };
		568923DA4B8560D0A166B908 /* Pods-DefaultProject.release.xcconfig */ = {isa = PBXFileReference; includeInIndex = 1; lastKnownFileType = text.xcconfig; name = "Pods-DefaultProject.release.xcconfig"; path = "Target Support Files/Pods-DefaultProject/Pods-DefaultProject.release.xcconfig"; sourceTree = "<group>"; };
		CA2223432A2BB329005164BB /* DefaultProject.app */ = {isa = PBXFileReference; explicitFileType = wrapper.application; includeInIndex = 0; path = DefaultProject.app; sourceTree = BUILT_PRODUCTS_DIR; };
		CA2223462A2BB329005164BB /* DefaultProjectApp.swift */ = {isa = PBXFileReference; lastKnownFileType = sourcecode.swift; path = DefaultProjectApp.swift; sourceTree = "<group>"; };
		CA22234A2A2BB32A005164BB /* Assets.xcassets */ = {isa = PBXFileReference; lastKnownFileType = folder.assetcatalog; path = Assets.xcassets; sourceTree = "<group>"; };
		CA22234D2A2BB32A005164BB /* Preview Assets.xcassets */ = {isa = PBXFileReference; lastKnownFileType = folder.assetcatalog; path = "Preview Assets.xcassets"; sourceTree = "<group>"; };
		CA2223562A2BB34A005164BB /* User.swift */ = {isa = PBXFileReference; fileEncoding = 4; lastKnownFileType = sourcecode.swift; path = User.swift; sourceTree = "<group>"; };
		CA2223572A2BB34A005164BB /* IAPHandler.swift */ = {isa = PBXFileReference; fileEncoding = 4; lastKnownFileType = sourcecode.swift; path = IAPHandler.swift; sourceTree = "<group>"; };
		CA2223592A2BB34A005164BB /* SkeletonView.swift */ = {isa = PBXFileReference; fileEncoding = 4; lastKnownFileType = sourcecode.swift; path = SkeletonView.swift; sourceTree = "<group>"; };
		CA22235A2A2BB34A005164BB /* TextShimer.swift */ = {isa = PBXFileReference; fileEncoding = 4; lastKnownFileType = sourcecode.swift; path = TextShimer.swift; sourceTree = "<group>"; };
		CA22235B2A2BB34A005164BB /* CustomActivity.swift */ = {isa = PBXFileReference; fileEncoding = 4; lastKnownFileType = sourcecode.swift; path = CustomActivity.swift; sourceTree = "<group>"; };
		CA22235C2A2BB34A005164BB /* WebView.swift */ = {isa = PBXFileReference; fileEncoding = 4; lastKnownFileType = sourcecode.swift; path = WebView.swift; sourceTree = "<group>"; };
		CA22235D2A2BB34A005164BB /* TextView.swift */ = {isa = PBXFileReference; fileEncoding = 4; lastKnownFileType = sourcecode.swift; path = TextView.swift; sourceTree = "<group>"; };
		CA22235E2A2BB34A005164BB /* MarqueeText.swift */ = {isa = PBXFileReference; fileEncoding = 4; lastKnownFileType = sourcecode.swift; path = MarqueeText.swift; sourceTree = "<group>"; };
		CA22235F2A2BB34A005164BB /* CircleProgressView.swift */ = {isa = PBXFileReference; fileEncoding = 4; lastKnownFileType = sourcecode.swift; path = CircleProgressView.swift; sourceTree = "<group>"; };
		CA2223602A2BB34A005164BB /* CustomSheet.swift */ = {isa = PBXFileReference; fileEncoding = 4; lastKnownFileType = sourcecode.swift; path = CustomSheet.swift; sourceTree = "<group>"; };
		CA2223622A2BB34A005164BB /* SwiftUIBannerAd.swift */ = {isa = PBXFileReference; fileEncoding = 4; lastKnownFileType = sourcecode.swift; path = SwiftUIBannerAd.swift; sourceTree = "<group>"; };
		CA2223632A2BB34A005164BB /* AdsOpenAd.swift */ = {isa = PBXFileReference; fileEncoding = 4; lastKnownFileType = sourcecode.swift; path = AdsOpenAd.swift; sourceTree = "<group>"; };
		CA2223642A2BB34A005164BB /* GADNativeViewController.swift */ = {isa = PBXFileReference; fileEncoding = 4; lastKnownFileType = sourcecode.swift; path = GADNativeViewController.swift; sourceTree = "<group>"; };
		CA2223652A2BB34A005164BB /* NativeAdView.xib */ = {isa = PBXFileReference; fileEncoding = 4; lastKnownFileType = file.xib; path = NativeAdView.xib; sourceTree = "<group>"; };
		CA2223662A2BB34A005164BB /* NativeContentView.swift */ = {isa = PBXFileReference; fileEncoding = 4; lastKnownFileType = sourcecode.swift; path = NativeContentView.swift; sourceTree = "<group>"; };
		CA2223672A2BB34A005164BB /* RewardedAd.swift */ = {isa = PBXFileReference; fileEncoding = 4; lastKnownFileType = sourcecode.swift; path = RewardedAd.swift; sourceTree = "<group>"; };
		CA2223682A2BB34A005164BB /* InterstitialAd.swift */ = {isa = PBXFileReference; fileEncoding = 4; lastKnownFileType = sourcecode.swift; path = InterstitialAd.swift; sourceTree = "<group>"; };
		CA22236A2A2BB34A005164BB /* Giftcode.swift */ = {isa = PBXFileReference; fileEncoding = 4; lastKnownFileType = sourcecode.swift; path = Giftcode.swift; sourceTree = "<group>"; };
		CA22236B2A2BB34A005164BB /* Network.swift */ = {isa = PBXFileReference; fileEncoding = 4; lastKnownFileType = sourcecode.swift; path = Network.swift; sourceTree = "<group>"; };
		CA22236C2A2BB34A005164BB /* LocalNotification.swift */ = {isa = PBXFileReference; fileEncoding = 4; lastKnownFileType = sourcecode.swift; path = LocalNotification.swift; sourceTree = "<group>"; };
		CA22236D2A2BB34A005164BB /* MyAlert.swift */ = {isa = PBXFileReference; fileEncoding = 4; lastKnownFileType = sourcecode.swift; path = MyAlert.swift; sourceTree = "<group>"; };
		CA22236E2A2BB34A005164BB /* Mail.swift */ = {isa = PBXFileReference; fileEncoding = 4; lastKnownFileType = sourcecode.swift; path = Mail.swift; sourceTree = "<group>"; };
		CA2223702A2BB34A005164BB /* CONSTANT.swift */ = {isa = PBXFileReference; fileEncoding = 4; lastKnownFileType = sourcecode.swift; path = CONSTANT.swift; sourceTree = "<group>"; };
		CA2223712A2BB34A005164BB /* SwiftyJSON.swift */ = {isa = PBXFileReference; fileEncoding = 4; lastKnownFileType = sourcecode.swift; path = SwiftyJSON.swift; sourceTree = "<group>"; };
		CA2223732A2BB34A005164BB /* APPCONTROLLER.swift */ = {isa = PBXFileReference; fileEncoding = 4; lastKnownFileType = sourcecode.swift; path = APPCONTROLLER.swift; sourceTree = "<group>"; };
		CA2223742A2BB34A005164BB /* temp_manifest.json */ = {isa = PBXFileReference; fileEncoding = 4; lastKnownFileType = text.json; path = temp_manifest.json; sourceTree = "<group>"; };
		CA2223762A2BB34A005164BB /* InfoApp.plist */ = {isa = PBXFileReference; fileEncoding = 4; lastKnownFileType = text.plist.xml; path = InfoApp.plist; sourceTree = "<group>"; };
		CA2223772A2BB34A005164BB /* Pods.txt */ = {isa = PBXFileReference; fileEncoding = 4; lastKnownFileType = text; path = Pods.txt; sourceTree = "<group>"; };
		CA2223782A2BB34A005164BB /* AssetsDefault.xcassets */ = {isa = PBXFileReference; lastKnownFileType = folder.assetcatalog; path = AssetsDefault.xcassets; sourceTree = "<group>"; };
		CA22237A2A2BB34A005164BB /* SF-Pro-Display-Regular.otf */ = {isa = PBXFileReference; lastKnownFileType = file; path = "SF-Pro-Display-Regular.otf"; sourceTree = "<group>"; };
		CA22237B2A2BB34A005164BB /* SF-Pro-Display-Bold.otf */ = {isa = PBXFileReference; lastKnownFileType = file; path = "SF-Pro-Display-Bold.otf"; sourceTree = "<group>"; };
		CA22237C2A2BB34A005164BB /* SF-Pro-Display-Medium.otf */ = {isa = PBXFileReference; lastKnownFileType = file; path = "SF-Pro-Display-Medium.otf"; sourceTree = "<group>"; };
		CA22237E2A2BB34A005164BB /* Date.swift */ = {isa = PBXFileReference; fileEncoding = 4; lastKnownFileType = sourcecode.swift; path = Date.swift; sourceTree = "<group>"; };
		CA22237F2A2BB34A005164BB /* Array.swift */ = {isa = PBXFileReference; fileEncoding = 4; lastKnownFileType = sourcecode.swift; path = Array.swift; sourceTree = "<group>"; };
		CA2223802A2BB34A005164BB /* FileManager.swift */ = {isa = PBXFileReference; fileEncoding = 4; lastKnownFileType = sourcecode.swift; path = FileManager.swift; sourceTree = "<group>"; };
		CA2223812A2BB34A005164BB /* Image.swift */ = {isa = PBXFileReference; fileEncoding = 4; lastKnownFileType = sourcecode.swift; path = Image.swift; sourceTree = "<group>"; };
		CA2223822A2BB34A005164BB /* SafeAreaInsets.swift */ = {isa = PBXFileReference; fileEncoding = 4; lastKnownFileType = sourcecode.swift; path = SafeAreaInsets.swift; sourceTree = "<group>"; };
		CA2223832A2BB34A005164BB /* Int.swift */ = {isa = PBXFileReference; fileEncoding = 4; lastKnownFileType = sourcecode.swift; path = Int.swift; sourceTree = "<group>"; };
		CA2223842A2BB34A005164BB /* UIDevice.swift */ = {isa = PBXFileReference; fileEncoding = 4; lastKnownFileType = sourcecode.swift; path = UIDevice.swift; sourceTree = "<group>"; };
		CA2223852A2BB34A005164BB /* URL.swift */ = {isa = PBXFileReference; fileEncoding = 4; lastKnownFileType = sourcecode.swift; path = URL.swift; sourceTree = "<group>"; };
		CA2223862A2BB34A005164BB /* String.swift */ = {isa = PBXFileReference; fileEncoding = 4; lastKnownFileType = sourcecode.swift; path = String.swift; sourceTree = "<group>"; };
		CA2223892A2BB34A005164BB /* RoundedCross.swift */ = {isa = PBXFileReference; fileEncoding = 4; lastKnownFileType = sourcecode.swift; path = RoundedCross.swift; sourceTree = "<group>"; };
		CA22238A2A2BB34A005164BB /* Triangle.swift */ = {isa = PBXFileReference; fileEncoding = 4; lastKnownFileType = sourcecode.swift; path = Triangle.swift; sourceTree = "<group>"; };
		CA22238B2A2BB34A005164BB /* SlimRectangle.swift */ = {isa = PBXFileReference; fileEncoding = 4; lastKnownFileType = sourcecode.swift; path = SlimRectangle.swift; sourceTree = "<group>"; };
		CA22238C2A2BB34A005164BB /* ConfettiSwiftUI.swift */ = {isa = PBXFileReference; fileEncoding = 4; lastKnownFileType = sourcecode.swift; path = ConfettiSwiftUI.swift; sourceTree = "<group>"; };
		CA22238D2A2BB34A005164BB /* BytesConverter.swift */ = {isa = PBXFileReference; fileEncoding = 4; lastKnownFileType = sourcecode.swift; path = BytesConverter.swift; sourceTree = "<group>"; };
		CA22238E2A2BB34A005164BB /* CGFloat.swift */ = {isa = PBXFileReference; fileEncoding = 4; lastKnownFileType = sourcecode.swift; path = CGFloat.swift; sourceTree = "<group>"; };
		CA22238F2A2BB34A005164BB /* Views.swift */ = {isa = PBXFileReference; fileEncoding = 4; lastKnownFileType = sourcecode.swift; path = Views.swift; sourceTree = "<group>"; };
		CA2223902A2BB34A005164BB /* Font.swift */ = {isa = PBXFileReference; fileEncoding = 4; lastKnownFileType = sourcecode.swift; path = Font.swift; sourceTree = "<group>"; };
		CA2223912A2BB34A005164BB /* UIApplication.swift */ = {isa = PBXFileReference; fileEncoding = 4; lastKnownFileType = sourcecode.swift; path = UIApplication.swift; sourceTree = "<group>"; };
		CA2223922A2BB34A005164BB /* Bundle.swift */ = {isa = PBXFileReference; fileEncoding = 4; lastKnownFileType = sourcecode.swift; path = Bundle.swift; sourceTree = "<group>"; };
		CA2223932A2BB34A005164BB /* Color.swift */ = {isa = PBXFileReference; fileEncoding = 4; lastKnownFileType = sourcecode.swift; path = Color.swift; sourceTree = "<group>"; };
		CA2223942A2BB34A005164BB /* TimeInterval.swift */ = {isa = PBXFileReference; fileEncoding = 4; lastKnownFileType = sourcecode.swift; path = TimeInterval.swift; sourceTree = "<group>"; };
		CA2223CB2A2BB368005164BB /* README.md */ = {isa = PBXFileReference; lastKnownFileType = net.daringfireball.markdown; path = README.md; sourceTree = "<group>"; };
		CA2223CC2A2BB6F8005164BB /* AppDelegate.swift */ = {isa = PBXFileReference; lastKnownFileType = sourcecode.swift; path = AppDelegate.swift; sourceTree = "<group>"; };
		CA2223DD2A2BBADC005164BB /* Launch Screen.storyboard */ = {isa = PBXFileReference; lastKnownFileType = file.storyboard; path = "Launch Screen.storyboard"; sourceTree = "<group>"; };
		CA2223E32A2BC0B1005164BB /* LottieView.swift */ = {isa = PBXFileReference; lastKnownFileType = sourcecode.swift; path = LottieView.swift; sourceTree = "<group>"; };
		CA2223E52A2BC1CE005164BB /* loading_default.json */ = {isa = PBXFileReference; fileEncoding = 4; lastKnownFileType = text.json; path = loading_default.json; sourceTree = "<group>"; };
		CA2223E72A2BC356005164BB /* Info.plist */ = {isa = PBXFileReference; lastKnownFileType = text.plist; path = Info.plist; sourceTree = "<group>"; };
		CA2223E82A2BCF2F005164BB /* Shimmer.swift */ = {isa = PBXFileReference; fileEncoding = 4; lastKnownFileType = sourcecode.swift; path = Shimmer.swift; sourceTree = "<group>"; };
		CA2223EA2A2BD0F3005164BB /* Coordinator.swift */ = {isa = PBXFileReference; fileEncoding = 4; lastKnownFileType = sourcecode.swift; path = Coordinator.swift; sourceTree = "<group>"; };
		CA2223EC2A2BD434005164BB /* Alerter.swift */ = {isa = PBXFileReference; lastKnownFileType = sourcecode.swift; path = Alerter.swift; sourceTree = "<group>"; };
		DB00295B6C25695233567020 /* Pods_DefaultProject.framework */ = {isa = PBXFileReference; explicitFileType = wrapper.framework; includeInIndex = 0; path = Pods_DefaultProject.framework; sourceTree = BUILT_PRODUCTS_DIR; };
/* End PBXFileReference section */

/* Begin PBXFrameworksBuildPhase section */
		CA2223402A2BB329005164BB /* Frameworks */ = {
			isa = PBXFrameworksBuildPhase;
			buildActionMask = 2147483647;
			files = (
				340090F9B0030B98E9B936B5 /* Pods_DefaultProject.framework in Frameworks */,
			);
			runOnlyForDeploymentPostprocessing = 0;
		};
/* End PBXFrameworksBuildPhase section */

/* Begin PBXGroup section */
		182907F2A20ABB20D765A78E /* Frameworks */ = {
			isa = PBXGroup;
			children = (
				DB00295B6C25695233567020 /* Pods_DefaultProject.framework */,
			);
			name = Frameworks;
			sourceTree = "<group>";
		};
		2782EE602A340BA200010BDA /* Main */ = {
			isa = PBXGroup;
			children = (
				27D436F42A330E85003CD4F8 /* AddressView.swift */,
			);
			path = Main;
			sourceTree = "<group>";
		};
		2782EE612A340BB300010BDA /* ChosingProvince */ = {
			isa = PBXGroup;
			children = (
				2782EE632A340C4E00010BDA /* ChosingProvince.swift */,
			);
			path = ChosingProvince;
			sourceTree = "<group>";
		};
		2782EE622A340BCF00010BDA /* ChosingDistrict */ = {
			isa = PBXGroup;
			children = (
				2782EE652A340CAC00010BDA /* ChosingDistrictView.swift */,
			);
			path = ChosingDistrict;
			sourceTree = "<group>";
		};
		2782EE6A2A3418CB00010BDA /* FakeData */ = {
			isa = PBXGroup;
			children = (
				2782EE6B2A3418E400010BDA /* FakeData.swift */,
				2782EE6E2A3426E300010BDA /* fakeJson.json */,
			);
			path = FakeData;
			sourceTree = "<group>";
		};
		278B4F9D2A2DDD61008AEA1B /* Container */ = {
			isa = PBXGroup;
			children = (
				27CB5A712A2DC62D0079FFC8 /* AuthService.swift */,
				278B4FA82A2DDEF9008AEA1B /* DependencyContainer.swift */,
			);
			path = Container;
			sourceTree = "<group>";
		};
		278B4FAA2A2DDF15008AEA1B /* GetPost */ = {
			isa = PBXGroup;
			children = (
				278B4FAB2A2DDF15008AEA1B /* GetAllPost */,
				278B4FAE2A2DDF15008AEA1B /* GetPostItem */,
			);
			path = GetPost;
			sourceTree = "<group>";
		};
		278B4FAB2A2DDF15008AEA1B /* GetAllPost */ = {
			isa = PBXGroup;
			children = (
				278B4FAC2A2DDF15008AEA1B /* GetAllPostViewModel.swift */,
				278B4FAD2A2DDF15008AEA1B /* GetAllPostView.swift */,
			);
			path = GetAllPost;
			sourceTree = "<group>";
		};
		278B4FAE2A2DDF15008AEA1B /* GetPostItem */ = {
			isa = PBXGroup;
			children = (
				278B4FAF2A2DDF15008AEA1B /* PostItemView.swift */,
			);
			path = GetPostItem;
			sourceTree = "<group>";
		};
		278B4FB02A2DDF16008AEA1B /* Posting */ = {
			isa = PBXGroup;
			children = (
				278B4FB82A2DDF16008AEA1B /* PostingScreenView.swift */,
				278B4FB12A2DDF16008AEA1B /* PostingScreenViewModel.swift */,
				278B4FB52A2DDF16008AEA1B /* SubsView */,
			);
			path = Posting;
			sourceTree = "<group>";
		};
		278B4FB22A2DDF16008AEA1B /* HelperView */ = {
			isa = PBXGroup;
			children = (
				278B4FB32A2DDF16008AEA1B /* OutlineTextFieldView.swift */,
				278B4FB42A2DDF16008AEA1B /* FakeDropDownView.swift */,
				27D436F12A330777003CD4F8 /* OutlineWithOptionView.swift */,
			);
			path = HelperView;
			sourceTree = "<group>";
		};
		278B4FB52A2DDF16008AEA1B /* SubsView */ = {
			isa = PBXGroup;
			children = (
				278B4FB62A2DDF16008AEA1B /* ShowImagesView.swift */,
				278B4FB72A2DDF16008AEA1B /* VideoThumbnailView.swift */,
			);
			path = SubsView;
			sourceTree = "<group>";
		};
		278B4FC22A2DDFE7008AEA1B /* ServiceFireStoreAndStorage */ = {
			isa = PBXGroup;
			children = (
				278B4FC32A2DDFE7008AEA1B /* StorageService.swift */,
				278B4FC42A2DDFE7008AEA1B /* FirestoreService.swift */,
			);
			path = ServiceFireStoreAndStorage;
			sourceTree = "<group>";
		};
		278D14DD2A3809F000F23B0B /* EditAvatar */ = {
			isa = PBXGroup;
			children = (
				278D14E02A386C2E00F23B0B /* EditAvatarView.swift */,
				278D14E22A38705E00F23B0B /* EditAvatarViewModel.swift */,
			);
			path = EditAvatar;
			sourceTree = "<group>";
		};
		27B2FBE92A31B1410084F184 /* Account */ = {
			isa = PBXGroup;
			children = (
				278D14DD2A3809F000F23B0B /* EditAvatar */,
				27D436EA2A32D530003CD4F8 /* Main */,
				27D436EC2A32D818003CD4F8 /* SettingAccount */,
			);
			path = Account;
			sourceTree = "<group>";
		};
		27CB5A392A2DC5B50079FFC8 /* Utilities */ = {
			isa = PBXGroup;
			children = (
				27CB5A4E2A2DC62B0079FFC8 /* ExtensionView.swift */,
				27CB5A3A2A2DC5B50079FFC8 /* Utilities.swift */,
				2782EE702A342D9800010BDA /* Extentions.swift */,
				278D14DE2A38488100F23B0B /* Constants.swift */,
			);
			name = Utilities;
			path = ../Utilities;
			sourceTree = "<group>";
		};
		27CB5A422A2DC62A0079FFC8 /* ShareModel */ = {
			isa = PBXGroup;
			children = (
				27CB5A432A2DC62A0079FFC8 /* ShareModel.swift */,
			);
			path = ShareModel;
			sourceTree = "<group>";
		};
		27CB5A442A2DC62B0079FFC8 /* Views */ = {
			isa = PBXGroup;
			children = (
				27D436E62A32B6B2003CD4F8 /* Main */,
				27D436E92A32D414003CD4F8 /* SignInSignUp */,
				27B2FBE92A31B1410084F184 /* Account */,
				27CB5A4F2A2DC62B0079FFC8 /* Home */,
				278B4FB22A2DDF16008AEA1B /* HelperView */,
			);
			path = Views;
			sourceTree = "<group>";
		};
		27CB5A452A2DC62B0079FFC8 /* SignUp */ = {
			isa = PBXGroup;
			children = (
				27CB5A462A2DC62B0079FFC8 /* SignUp */,
				27CB5A492A2DC62B0079FFC8 /* ConfirmPhoneNumber */,
				27CB5A4C2A2DC62B0079FFC8 /* SignUpSuccess */,
			);
			path = SignUp;
			sourceTree = "<group>";
		};
		27CB5A462A2DC62B0079FFC8 /* SignUp */ = {
			isa = PBXGroup;
			children = (
				27CB5A472A2DC62B0079FFC8 /* SignUpViewModel.swift */,
				27CB5A482A2DC62B0079FFC8 /* SignUpView.swift */,
			);
			path = SignUp;
			sourceTree = "<group>";
		};
		27CB5A492A2DC62B0079FFC8 /* ConfirmPhoneNumber */ = {
			isa = PBXGroup;
			children = (
				27CB5A4A2A2DC62B0079FFC8 /* ConfirmPhoneNumberView.swift */,
				27CB5A4B2A2DC62B0079FFC8 /* ConfirmPhoneNumberViewModel.swift */,
			);
			path = ConfirmPhoneNumber;
			sourceTree = "<group>";
		};
		27CB5A4C2A2DC62B0079FFC8 /* SignUpSuccess */ = {
			isa = PBXGroup;
			children = (
				27CB5A4D2A2DC62B0079FFC8 /* SignUpSuccessView.swift */,
			);
			path = SignUpSuccess;
			sourceTree = "<group>";
		};
		27CB5A4F2A2DC62B0079FFC8 /* Home */ = {
			isa = PBXGroup;
			children = (
				27D436EB2A32D57C003CD4F8 /* Main */,
				278B4FB02A2DDF16008AEA1B /* Posting */,
				278B4FAA2A2DDF15008AEA1B /* GetPost */,
			);
			path = Home;
			sourceTree = "<group>";
		};
		27CB5A522A2DC62B0079FFC8 /* SignIn */ = {
			isa = PBXGroup;
			children = (
				27CB5A5E2A2DC62B0079FFC8 /* LoginView.swift */,
				27CB5A5A2A2DC62B0079FFC8 /* PhoneVerification */,
				27CB5A5F2A2DC62B0079FFC8 /* SubView */,
			);
			path = SignIn;
			sourceTree = "<group>";
		};
		27CB5A532A2DC62B0079FFC8 /* ForgetPasswordView */ = {
			isa = PBXGroup;
			children = (
				27CB5A542A2DC62B0079FFC8 /* ForgetPassword */,
				27CB5A572A2DC62B0079FFC8 /* CreateNewPassword */,
			);
			path = ForgetPasswordView;
			sourceTree = "<group>";
		};
		27CB5A542A2DC62B0079FFC8 /* ForgetPassword */ = {
			isa = PBXGroup;
			children = (
				27CB5A552A2DC62B0079FFC8 /* ForgetPasswordView.swift */,
				27CB5A562A2DC62B0079FFC8 /* ForgetPasswordViewModel.swift */,
			);
			path = ForgetPassword;
			sourceTree = "<group>";
		};
		27CB5A572A2DC62B0079FFC8 /* CreateNewPassword */ = {
			isa = PBXGroup;
			children = (
				27CB5A582A2DC62B0079FFC8 /* CreateNewPasswordView.swift */,
			);
			path = CreateNewPassword;
			sourceTree = "<group>";
		};
		27CB5A5A2A2DC62B0079FFC8 /* PhoneVerification */ = {
			isa = PBXGroup;
			children = (
				27CB5A5B2A2DC62B0079FFC8 /* PhoneVerificationView.swift */,
				27CB5A5C2A2DC62B0079FFC8 /* PhoneVerificationViewModel.swift */,
			);
			path = PhoneVerification;
			sourceTree = "<group>";
		};
		27CB5A5F2A2DC62B0079FFC8 /* SubView */ = {
			isa = PBXGroup;
			children = (
				27CB5A602A2DC62B0079FFC8 /* SignInWithApple */,
				27CB5A632A2DC62B0079FFC8 /* SignInWithFacebook */,
				27CB5A662A2DC62B0079FFC8 /* SignInWithGoogle */,
				27CB5A692A2DC62B0079FFC8 /* PhoneSignInView */,
			);
			path = SubView;
			sourceTree = "<group>";
		};
		27CB5A602A2DC62B0079FFC8 /* SignInWithApple */ = {
			isa = PBXGroup;
			children = (
				27CB5A612A2DC62B0079FFC8 /* AppleSignInViewModel.swift */,
				27CB5A622A2DC62B0079FFC8 /* AppleSignInView.swift */,
			);
			path = SignInWithApple;
			sourceTree = "<group>";
		};
		27CB5A632A2DC62B0079FFC8 /* SignInWithFacebook */ = {
			isa = PBXGroup;
			children = (
				27CB5A642A2DC62B0079FFC8 /* FacebookSignInViewModel.swift */,
				27CB5A652A2DC62B0079FFC8 /* FacebookSignInView.swift */,
			);
			path = SignInWithFacebook;
			sourceTree = "<group>";
		};
		27CB5A662A2DC62B0079FFC8 /* SignInWithGoogle */ = {
			isa = PBXGroup;
			children = (
				27CB5A672A2DC62B0079FFC8 /* GoogleSignInViewModel.swift */,
				27CB5A682A2DC62B0079FFC8 /* GoogleSignInView.swift */,
			);
			path = SignInWithGoogle;
			sourceTree = "<group>";
		};
		27CB5A692A2DC62B0079FFC8 /* PhoneSignInView */ = {
			isa = PBXGroup;
			children = (
				27CB5A6A2A2DC62B0079FFC8 /* OutlineTextfieldView.swift */,
				27CB5A6B2A2DC62B0079FFC8 /* PhoneSignInView.swift */,
				27B2FBEA2A31D1940084F184 /* PhoneAuthViewModel.swift */,
			);
			path = PhoneSignInView;
			sourceTree = "<group>";
		};
		27CB5A6D2A2DC62C0079FFC8 /* Model */ = {
			isa = PBXGroup;
			children = (
				27CB5A422A2DC62A0079FFC8 /* ShareModel */,
				278B4F9F2A2DDEBB008AEA1B /* ImagePicker.swift */,
				278B4F9E2A2DDEBA008AEA1B /* PostModel.swift */,
				278B4FA02A2DDEBB008AEA1B /* PostModelBuilder.swift */,
				27CB5A6E2A2DC62C0079FFC8 /* AuthenticationModel.swift */,
				27CB5A6F2A2DC62C0079FFC8 /* UserModel.swift */,
				27CED14C2A370D1500EFFC6E /* AccountModel.swift */,
				2782EE6A2A3418CB00010BDA /* FakeData */,
			);
			name = Model;
			path = ../Model;
			sourceTree = "<group>";
		};
		27CB5A702A2DC62D0079FFC8 /* DataLayer */ = {
			isa = PBXGroup;
			children = (
				278B4FC22A2DDFE7008AEA1B /* ServiceFireStoreAndStorage */,
				27CB5A722A2DC62D0079FFC8 /* ServicesLogin */,
			);
			name = DataLayer;
			path = ../DataLayer;
			sourceTree = "<group>";
		};
		27CB5A722A2DC62D0079FFC8 /* ServicesLogin */ = {
			isa = PBXGroup;
			children = (
				27CB5A732A2DC62D0079FFC8 /* ConfirmOTPService.swift */,
				27CB5A742A2DC62D0079FFC8 /* GoogleAuthService.swift */,
				27CB5A752A2DC62D0079FFC8 /* BaseService.swift */,
				27CB5A762A2DC62D0079FFC8 /* SendSmsOTPService.swift */,
				27CB5A772A2DC62D0079FFC8 /* FacebookAuthService.swift */,
				27CB5A782A2DC62D0079FFC8 /* AppleAuthService.swift */,
			);
			path = ServicesLogin;
			sourceTree = "<group>";
		};
		27CB5A792A2DC62D0079FFC8 /* Protocol */ = {
			isa = PBXGroup;
			children = (
				27CB5A7A2A2DC62D0079FFC8 /* AuthServiceProtocol.swift */,
				27CB5A7B2A2DC62D0079FFC8 /* SignInServiceProtocol.swift */,
				278B4FA52A2DDEE7008AEA1B /* FirestoreProtocol.swift */,
				278B4FA42A2DDEE6008AEA1B /* StorageProtocol.swift */,
			);
			name = Protocol;
			path = ../Protocol;
			sourceTree = "<group>";
		};
		27CED1492A36C67700EFFC6E /* ChosingCommune */ = {
			isa = PBXGroup;
			children = (
				27CED14A2A36C91F00EFFC6E /* ChosingCommuneView.swift */,
			);
			path = ChosingCommune;
			sourceTree = "<group>";
		};
		27D436E62A32B6B2003CD4F8 /* Main */ = {
			isa = PBXGroup;
			children = (
				27D436E72A32B6CD003CD4F8 /* MainView.swift */,
			);
			path = Main;
			sourceTree = "<group>";
		};
		27D436E92A32D414003CD4F8 /* SignInSignUp */ = {
			isa = PBXGroup;
			children = (
				27CB5A532A2DC62B0079FFC8 /* ForgetPasswordView */,
				27CB5A452A2DC62B0079FFC8 /* SignUp */,
				27CB5A522A2DC62B0079FFC8 /* SignIn */,
			);
			path = SignInSignUp;
			sourceTree = "<group>";
		};
		27D436EA2A32D530003CD4F8 /* Main */ = {
			isa = PBXGroup;
			children = (
				27B2FBEC2A31EC580084F184 /* AccountView.swift */,
			);
			path = Main;
			sourceTree = "<group>";
		};
		27D436EB2A32D57C003CD4F8 /* Main */ = {
			isa = PBXGroup;
			children = (
				27CB5A502A2DC62B0079FFC8 /* HomeViewModel.swift */,
				27CB5A512A2DC62B0079FFC8 /* HomeView.swift */,
			);
			path = Main;
			sourceTree = "<group>";
		};
		27D436EC2A32D818003CD4F8 /* SettingAccount */ = {
			isa = PBXGroup;
			children = (
				27D436ED2A32DBFC003CD4F8 /* EditInfomation */,
				27D436F62A331916003CD4F8 /* Identification */,
				27D436F32A330E35003CD4F8 /* Address */,
			);
			path = SettingAccount;
			sourceTree = "<group>";
		};
		27D436ED2A32DBFC003CD4F8 /* EditInfomation */ = {
			isa = PBXGroup;
			children = (
				27D436EE2A32DC9B003CD4F8 /* EditInfomationView.swift */,
				27CED14E2A37554300EFFC6E /* EditInfomationViewModel.swift */,
			);
			path = EditInfomation;
			sourceTree = "<group>";
		};
		27D436F32A330E35003CD4F8 /* Address */ = {
			isa = PBXGroup;
			children = (
				2782EE602A340BA200010BDA /* Main */,
				2782EE612A340BB300010BDA /* ChosingProvince */,
				2782EE622A340BCF00010BDA /* ChosingDistrict */,
				27CED1492A36C67700EFFC6E /* ChosingCommune */,
			);
			path = Address;
			sourceTree = "<group>";
		};
		27D436F62A331916003CD4F8 /* Identification */ = {
			isa = PBXGroup;
			children = (
				27D436F72A331964003CD4F8 /* IdentificationView.swift */,
			);
			path = Identification;
			sourceTree = "<group>";
		};
		CA22233A2A2BB329005164BB = {
			isa = PBXGroup;
			children = (
				CA2223452A2BB329005164BB /* DefaultProject */,
				CA2223442A2BB329005164BB /* Products */,
				DD0D8EE9093C3CAB4FA99C54 /* Pods */,
				182907F2A20ABB20D765A78E /* Frameworks */,
			);
			sourceTree = "<group>";
		};
		CA2223442A2BB329005164BB /* Products */ = {
			isa = PBXGroup;
			children = (
				CA2223432A2BB329005164BB /* DefaultProject.app */,
			);
			name = Products;
			sourceTree = "<group>";
		};
		CA2223452A2BB329005164BB /* DefaultProject */ = {
			isa = PBXGroup;
			children = (
				CA2223E72A2BC356005164BB /* Info.plist */,
				CA2223462A2BB329005164BB /* DefaultProjectApp.swift */,
				27CB5A6C2A2DC62B0079FFC8 /* ContentView.swift */,
				CA22234A2A2BB32A005164BB /* Assets.xcassets */,
				27CB5A412A2DC5E00079FFC8 /* DefaultProject.entitlements */,
				278B4F9D2A2DDD61008AEA1B /* Container */,
				27CB5A702A2DC62D0079FFC8 /* DataLayer */,
				27CB5A6D2A2DC62C0079FFC8 /* Model */,
				27CB5A792A2DC62D0079FFC8 /* Protocol */,
				27CB5A442A2DC62B0079FFC8 /* Views */,
				27CB5A392A2DC5B50079FFC8 /* Utilities */,
				CA2223E52A2BC1CE005164BB /* loading_default.json */,
				CA2223542A2BB34A005164BB /* DEFAULT_SOURCE */,
				CA22234C2A2BB32A005164BB /* Preview Content */,
			);
			path = DefaultProject;
			sourceTree = "<group>";
		};
		CA22234C2A2BB32A005164BB /* Preview Content */ = {
			isa = PBXGroup;
			children = (
				CA22234D2A2BB32A005164BB /* Preview Assets.xcassets */,
			);
			path = "Preview Content";
			sourceTree = "<group>";
		};
		CA2223542A2BB34A005164BB /* DEFAULT_SOURCE */ = {
			isa = PBXGroup;
			children = (
				CA2223552A2BB34A005164BB /* User&IAP */,
				CA2223582A2BB34A005164BB /* HelperView */,
				CA2223612A2BB34A005164BB /* Admob */,
				CA2223692A2BB34A005164BB /* HelperModel */,
				CA22236F2A2BB34A005164BB /* CONTROLL_APP */,
				CA2223752A2BB34A005164BB /* NEED_TO_SETUP */,
				CA2223792A2BB34A005164BB /* Font */,
				CA22237D2A2BB34A005164BB /* ExtensionViews */,
				CA2223CB2A2BB368005164BB /* README.md */,
			);
			path = DEFAULT_SOURCE;
			sourceTree = "<group>";
		};
		CA2223552A2BB34A005164BB /* User&IAP */ = {
			isa = PBXGroup;
			children = (
				CA2223562A2BB34A005164BB /* User.swift */,
				CA2223572A2BB34A005164BB /* IAPHandler.swift */,
			);
			path = "User&IAP";
			sourceTree = "<group>";
		};
		CA2223582A2BB34A005164BB /* HelperView */ = {
			isa = PBXGroup;
			children = (
				CA2223E82A2BCF2F005164BB /* Shimmer.swift */,
				CA2223592A2BB34A005164BB /* SkeletonView.swift */,
				CA2223E32A2BC0B1005164BB /* LottieView.swift */,
				CA22235A2A2BB34A005164BB /* TextShimer.swift */,
				CA22235B2A2BB34A005164BB /* CustomActivity.swift */,
				CA22235C2A2BB34A005164BB /* WebView.swift */,
				CA22235D2A2BB34A005164BB /* TextView.swift */,
				CA22235E2A2BB34A005164BB /* MarqueeText.swift */,
				CA22235F2A2BB34A005164BB /* CircleProgressView.swift */,
				CA2223602A2BB34A005164BB /* CustomSheet.swift */,
			);
			path = HelperView;
			sourceTree = "<group>";
		};
		CA2223612A2BB34A005164BB /* Admob */ = {
			isa = PBXGroup;
			children = (
				CA2223622A2BB34A005164BB /* SwiftUIBannerAd.swift */,
				CA2223632A2BB34A005164BB /* AdsOpenAd.swift */,
				CA2223642A2BB34A005164BB /* GADNativeViewController.swift */,
				CA2223652A2BB34A005164BB /* NativeAdView.xib */,
				CA2223662A2BB34A005164BB /* NativeContentView.swift */,
				CA2223672A2BB34A005164BB /* RewardedAd.swift */,
				CA2223682A2BB34A005164BB /* InterstitialAd.swift */,
			);
			path = Admob;
			sourceTree = "<group>";
		};
		CA2223692A2BB34A005164BB /* HelperModel */ = {
			isa = PBXGroup;
			children = (
				CA22236A2A2BB34A005164BB /* Giftcode.swift */,
				CA22236B2A2BB34A005164BB /* Network.swift */,
				CA22236C2A2BB34A005164BB /* LocalNotification.swift */,
				CA22236D2A2BB34A005164BB /* MyAlert.swift */,
				CA22236E2A2BB34A005164BB /* Mail.swift */,
				CA2223EC2A2BD434005164BB /* Alerter.swift */,
			);
			path = HelperModel;
			sourceTree = "<group>";
		};
		CA22236F2A2BB34A005164BB /* CONTROLL_APP */ = {
			isa = PBXGroup;
			children = (
				CA2223EA2A2BD0F3005164BB /* Coordinator.swift */,
				CA2223702A2BB34A005164BB /* CONSTANT.swift */,
				27CB59CA2A2D9AEE0079FFC8 /* GoogleService-Info.plist */,
				CA2223712A2BB34A005164BB /* SwiftyJSON.swift */,
				CA2223732A2BB34A005164BB /* APPCONTROLLER.swift */,
				27CB5A372A2DC4E30079FFC8 /* SceneDelegate.swift */,
				CA2223CC2A2BB6F8005164BB /* AppDelegate.swift */,
				CA2223DD2A2BBADC005164BB /* Launch Screen.storyboard */,
				CA2223742A2BB34A005164BB /* temp_manifest.json */,
			);
			path = CONTROLL_APP;
			sourceTree = "<group>";
		};
		CA2223752A2BB34A005164BB /* NEED_TO_SETUP */ = {
			isa = PBXGroup;
			children = (
				CA2223762A2BB34A005164BB /* InfoApp.plist */,
				CA2223772A2BB34A005164BB /* Pods.txt */,
				CA2223782A2BB34A005164BB /* AssetsDefault.xcassets */,
			);
			path = NEED_TO_SETUP;
			sourceTree = "<group>";
		};
		CA2223792A2BB34A005164BB /* Font */ = {
			isa = PBXGroup;
			children = (
				27CB59CD2A2DBD310079FFC8 /* WorkSans.ttf */,
				27CB59CC2A2DBD300079FFC8 /* WorkSansBold.ttf */,
				CA22237A2A2BB34A005164BB /* SF-Pro-Display-Regular.otf */,
				CA22237B2A2BB34A005164BB /* SF-Pro-Display-Bold.otf */,
				CA22237C2A2BB34A005164BB /* SF-Pro-Display-Medium.otf */,
			);
			path = Font;
			sourceTree = "<group>";
		};
		CA22237D2A2BB34A005164BB /* ExtensionViews */ = {
			isa = PBXGroup;
			children = (
				CA22237E2A2BB34A005164BB /* Date.swift */,
				CA22237F2A2BB34A005164BB /* Array.swift */,
				CA2223802A2BB34A005164BB /* FileManager.swift */,
				CA2223812A2BB34A005164BB /* Image.swift */,
				CA2223822A2BB34A005164BB /* SafeAreaInsets.swift */,
				CA2223832A2BB34A005164BB /* Int.swift */,
				CA2223842A2BB34A005164BB /* UIDevice.swift */,
				CA2223852A2BB34A005164BB /* URL.swift */,
				CA2223862A2BB34A005164BB /* String.swift */,
				CA2223872A2BB34A005164BB /* ConfettiSwiftUI */,
				CA22238D2A2BB34A005164BB /* BytesConverter.swift */,
				CA22238E2A2BB34A005164BB /* CGFloat.swift */,
				CA22238F2A2BB34A005164BB /* Views.swift */,
				CA2223902A2BB34A005164BB /* Font.swift */,
				CA2223912A2BB34A005164BB /* UIApplication.swift */,
				CA2223922A2BB34A005164BB /* Bundle.swift */,
				CA2223932A2BB34A005164BB /* Color.swift */,
				CA2223942A2BB34A005164BB /* TimeInterval.swift */,
			);
			path = ExtensionViews;
			sourceTree = "<group>";
		};
		CA2223872A2BB34A005164BB /* ConfettiSwiftUI */ = {
			isa = PBXGroup;
			children = (
				CA2223882A2BB34A005164BB /* Shapes */,
				CA22238C2A2BB34A005164BB /* ConfettiSwiftUI.swift */,
			);
			path = ConfettiSwiftUI;
			sourceTree = "<group>";
		};
		CA2223882A2BB34A005164BB /* Shapes */ = {
			isa = PBXGroup;
			children = (
				CA2223892A2BB34A005164BB /* RoundedCross.swift */,
				CA22238A2A2BB34A005164BB /* Triangle.swift */,
				CA22238B2A2BB34A005164BB /* SlimRectangle.swift */,
			);
			path = Shapes;
			sourceTree = "<group>";
		};
		DD0D8EE9093C3CAB4FA99C54 /* Pods */ = {
			isa = PBXGroup;
			children = (
				1C8F34F3EB7BBB7C28CA6A6D /* Pods-DefaultProject.debug.xcconfig */,
				568923DA4B8560D0A166B908 /* Pods-DefaultProject.release.xcconfig */,
			);
			path = Pods;
			sourceTree = "<group>";
		};
/* End PBXGroup section */

/* Begin PBXNativeTarget section */
		CA2223422A2BB329005164BB /* DefaultProject */ = {
			isa = PBXNativeTarget;
			buildConfigurationList = CA2223512A2BB32A005164BB /* Build configuration list for PBXNativeTarget "DefaultProject" */;
			buildPhases = (
				2E70DEB10BD2A09BA65552F9 /* [CP] Check Pods Manifest.lock */,
				CA22233F2A2BB329005164BB /* Sources */,
				CA2223402A2BB329005164BB /* Frameworks */,
				CA2223412A2BB329005164BB /* Resources */,
				00928D2EAE7EFDE32239C4A8 /* [CP] Embed Pods Frameworks */,
			);
			buildRules = (
			);
			dependencies = (
			);
			name = DefaultProject;
			productName = DefaultProject;
			productReference = CA2223432A2BB329005164BB /* DefaultProject.app */;
			productType = "com.apple.product-type.application";
		};
/* End PBXNativeTarget section */

/* Begin PBXProject section */
		CA22233B2A2BB329005164BB /* Project object */ = {
			isa = PBXProject;
			attributes = {
				BuildIndependentTargetsInParallel = 1;
				LastSwiftUpdateCheck = 1420;
				LastUpgradeCheck = 1420;
				TargetAttributes = {
					CA2223422A2BB329005164BB = {
						CreatedOnToolsVersion = 14.2;
					};
				};
			};
			buildConfigurationList = CA22233E2A2BB329005164BB /* Build configuration list for PBXProject "DefaultProject" */;
			compatibilityVersion = "Xcode 14.0";
			developmentRegion = en;
			hasScannedForEncodings = 0;
			knownRegions = (
				en,
				Base,
			);
			mainGroup = CA22233A2A2BB329005164BB;
			productRefGroup = CA2223442A2BB329005164BB /* Products */;
			projectDirPath = "";
			projectRoot = "";
			targets = (
				CA2223422A2BB329005164BB /* DefaultProject */,
			);
		};
/* End PBXProject section */

/* Begin PBXResourcesBuildPhase section */
		CA2223412A2BB329005164BB /* Resources */ = {
			isa = PBXResourcesBuildPhase;
			buildActionMask = 2147483647;
			files = (
				27CB59CE2A2DBDE60079FFC8 /* WorkSans.ttf in Resources */,
				CA22234E2A2BB32A005164BB /* Preview Assets.xcassets in Resources */,
				CA2223A22A2BB34A005164BB /* NativeAdView.xib in Resources */,
				CA2223DE2A2BBADC005164BB /* Launch Screen.storyboard in Resources */,
				CA2223B52A2BB34A005164BB /* SF-Pro-Display-Medium.otf in Resources */,
				CA2223B42A2BB34A005164BB /* SF-Pro-Display-Bold.otf in Resources */,
				2782EE6F2A3426E300010BDA /* fakeJson.json in Resources */,
				CA22234B2A2BB32A005164BB /* Assets.xcassets in Resources */,
				CA2223B32A2BB34A005164BB /* SF-Pro-Display-Regular.otf in Resources */,
				27CB59CB2A2D9AEE0079FFC8 /* GoogleService-Info.plist in Resources */,
				27CB59CF2A2DBDEA0079FFC8 /* WorkSansBold.ttf in Resources */,
				CA2223E62A2BC1CE005164BB /* loading_default.json in Resources */,
				CA2223AF2A2BB34A005164BB /* temp_manifest.json in Resources */,
			);
			runOnlyForDeploymentPostprocessing = 0;
		};
/* End PBXResourcesBuildPhase section */

/* Begin PBXShellScriptBuildPhase section */
		00928D2EAE7EFDE32239C4A8 /* [CP] Embed Pods Frameworks */ = {
			isa = PBXShellScriptBuildPhase;
			buildActionMask = 2147483647;
			files = (
			);
			inputFileListPaths = (
				"${PODS_ROOT}/Target Support Files/Pods-DefaultProject/Pods-DefaultProject-frameworks-${CONFIGURATION}-input-files.xcfilelist",
			);
			name = "[CP] Embed Pods Frameworks";
			outputFileListPaths = (
				"${PODS_ROOT}/Target Support Files/Pods-DefaultProject/Pods-DefaultProject-frameworks-${CONFIGURATION}-output-files.xcfilelist",
			);
			runOnlyForDeploymentPostprocessing = 0;
			shellPath = /bin/sh;
			shellScript = "\"${PODS_ROOT}/Target Support Files/Pods-DefaultProject/Pods-DefaultProject-frameworks.sh\"\n";
			showEnvVarsInLog = 0;
		};
		2E70DEB10BD2A09BA65552F9 /* [CP] Check Pods Manifest.lock */ = {
			isa = PBXShellScriptBuildPhase;
			buildActionMask = 2147483647;
			files = (
			);
			inputFileListPaths = (
			);
			inputPaths = (
				"${PODS_PODFILE_DIR_PATH}/Podfile.lock",
				"${PODS_ROOT}/Manifest.lock",
			);
			name = "[CP] Check Pods Manifest.lock";
			outputFileListPaths = (
			);
			outputPaths = (
				"$(DERIVED_FILE_DIR)/Pods-DefaultProject-checkManifestLockResult.txt",
			);
			runOnlyForDeploymentPostprocessing = 0;
			shellPath = /bin/sh;
			shellScript = "diff \"${PODS_PODFILE_DIR_PATH}/Podfile.lock\" \"${PODS_ROOT}/Manifest.lock\" > /dev/null\nif [ $? != 0 ] ; then\n    # print error to STDERR\n    echo \"error: The sandbox is not in sync with the Podfile.lock. Run 'pod install' or update your CocoaPods installation.\" >&2\n    exit 1\nfi\n# This output is used by Xcode 'outputs' to avoid re-running this script phase.\necho \"SUCCESS\" > \"${SCRIPT_OUTPUT_FILE_0}\"\n";
			showEnvVarsInLog = 0;
		};
/* End PBXShellScriptBuildPhase section */

/* Begin PBXSourcesBuildPhase section */
		CA22233F2A2BB329005164BB /* Sources */ = {
			isa = PBXSourcesBuildPhase;
			buildActionMask = 2147483647;
			files = (
				27CB5A982A2DC62D0079FFC8 /* ConfirmOTPService.swift in Sources */,
				278B4FA12A2DDEBB008AEA1B /* PostModel.swift in Sources */,
				27CB5A942A2DC62D0079FFC8 /* ContentView.swift in Sources */,
				27CB5A872A2DC62D0079FFC8 /* CreateNewPasswordView.swift in Sources */,
				27D436F22A330777003CD4F8 /* OutlineWithOptionView.swift in Sources */,
				CA2223A42A2BB34A005164BB /* RewardedAd.swift in Sources */,
				CA2223982A2BB34A005164BB /* TextShimer.swift in Sources */,
				CA22239A2A2BB34A005164BB /* WebView.swift in Sources */,
				2782EE712A342D9800010BDA /* Extentions.swift in Sources */,
				CA2223E92A2BCF30005164BB /* Shimmer.swift in Sources */,
				278B4FC02A2DDF16008AEA1B /* VideoThumbnailView.swift in Sources */,
				27CB5A9F2A2DC62D0079FFC8 /* SignInServiceProtocol.swift in Sources */,
				CA2223C02A2BB34A005164BB /* Triangle.swift in Sources */,
				CA22239D2A2BB34A005164BB /* CircleProgressView.swift in Sources */,
				CA2223A52A2BB34A005164BB /* InterstitialAd.swift in Sources */,
				27CB5A8B2A2DC62D0079FFC8 /* LoginView.swift in Sources */,
				CA2223AA2A2BB34A005164BB /* Mail.swift in Sources */,
				27CB5A852A2DC62D0079FFC8 /* ForgetPasswordView.swift in Sources */,
				CA2223A02A2BB34A005164BB /* AdsOpenAd.swift in Sources */,
				27D436EF2A32DC9B003CD4F8 /* EditInfomationView.swift in Sources */,
				CA2223C42A2BB34A005164BB /* CGFloat.swift in Sources */,
				CA2223BD2A2BB34A005164BB /* URL.swift in Sources */,
				27CB5A962A2DC62D0079FFC8 /* UserModel.swift in Sources */,
				CA2223A62A2BB34A005164BB /* Giftcode.swift in Sources */,
				CA2223B72A2BB34A005164BB /* Array.swift in Sources */,
				278B4FA92A2DDEF9008AEA1B /* DependencyContainer.swift in Sources */,
				CA2223972A2BB34A005164BB /* SkeletonView.swift in Sources */,
				CA2223B82A2BB34A005164BB /* FileManager.swift in Sources */,
				CA2223C32A2BB34A005164BB /* BytesConverter.swift in Sources */,
				2782EE662A340CAC00010BDA /* ChosingDistrictView.swift in Sources */,
				2782EE642A340C4E00010BDA /* ChosingProvince.swift in Sources */,
				27CB5A952A2DC62D0079FFC8 /* AuthenticationModel.swift in Sources */,
				27B2FBED2A31EC580084F184 /* AccountView.swift in Sources */,
				CA2223472A2BB329005164BB /* DefaultProjectApp.swift in Sources */,
				27CB5A922A2DC62D0079FFC8 /* OutlineTextfieldView.swift in Sources */,
				CA2223AB2A2BB34A005164BB /* CONSTANT.swift in Sources */,
				CA2223A72A2BB34A005164BB /* Network.swift in Sources */,
				CA2223BF2A2BB34A005164BB /* RoundedCross.swift in Sources */,
				27CED14B2A36C91F00EFFC6E /* ChosingCommuneView.swift in Sources */,
				CA2223BB2A2BB34A005164BB /* Int.swift in Sources */,
				CA2223BC2A2BB34A005164BB /* UIDevice.swift in Sources */,
				27CB5A7C2A2DC62D0079FFC8 /* ShareModel.swift in Sources */,
				CA2223AE2A2BB34A005164BB /* APPCONTROLLER.swift in Sources */,
				278D14E12A386C2E00F23B0B /* EditAvatarView.swift in Sources */,
				278B4FBB2A2DDF16008AEA1B /* PostItemView.swift in Sources */,
				CA2223A82A2BB34A005164BB /* LocalNotification.swift in Sources */,
				27CB5A8D2A2DC62D0079FFC8 /* AppleSignInView.swift in Sources */,
				CA2223CD2A2BB6F8005164BB /* AppDelegate.swift in Sources */,
				CA2223952A2BB34A005164BB /* User.swift in Sources */,
				CA2223C92A2BB34A005164BB /* Color.swift in Sources */,
				27CB5A9D2A2DC62D0079FFC8 /* AppleAuthService.swift in Sources */,
				27CB5A832A2DC62D0079FFC8 /* HomeViewModel.swift in Sources */,
				27CB5A8F2A2DC62D0079FFC8 /* FacebookSignInView.swift in Sources */,
				CA22239F2A2BB34A005164BB /* SwiftUIBannerAd.swift in Sources */,
				CA2223B92A2BB34A005164BB /* Image.swift in Sources */,
				27CB5A8A2A2DC62D0079FFC8 /* PhoneVerificationViewModel.swift in Sources */,
				CA22239B2A2BB34A005164BB /* TextView.swift in Sources */,
				278B4FC12A2DDF16008AEA1B /* PostingScreenView.swift in Sources */,
				CA2223C82A2BB34A005164BB /* Bundle.swift in Sources */,
				CA2223A12A2BB34A005164BB /* GADNativeViewController.swift in Sources */,
				27CB5A7D2A2DC62D0079FFC8 /* SignUpViewModel.swift in Sources */,
				27CB5A892A2DC62D0079FFC8 /* PhoneVerificationView.swift in Sources */,
				27CB5A842A2DC62D0079FFC8 /* HomeView.swift in Sources */,
				27CED14D2A370D1500EFFC6E /* AccountModel.swift in Sources */,
				278B4FC52A2DDFE7008AEA1B /* StorageService.swift in Sources */,
				278B4FBF2A2DDF16008AEA1B /* ShowImagesView.swift in Sources */,
				27CB5A822A2DC62D0079FFC8 /* ExtensionView.swift in Sources */,
				27CED14F2A37554300EFFC6E /* EditInfomationViewModel.swift in Sources */,
				278B4FA22A2DDEBB008AEA1B /* ImagePicker.swift in Sources */,
				2782EE6C2A3418E400010BDA /* FakeData.swift in Sources */,
				CA2223E42A2BC0B1005164BB /* LottieView.swift in Sources */,
				27CB5A932A2DC62D0079FFC8 /* PhoneSignInView.swift in Sources */,
				27CB5A902A2DC62D0079FFC8 /* GoogleSignInViewModel.swift in Sources */,
				27CB5A9E2A2DC62D0079FFC8 /* AuthServiceProtocol.swift in Sources */,
				CA2223AC2A2BB34A005164BB /* SwiftyJSON.swift in Sources */,
				278B4FBE2A2DDF16008AEA1B /* FakeDropDownView.swift in Sources */,
				CA2223ED2A2BD434005164BB /* Alerter.swift in Sources */,
				27CB5A9B2A2DC62D0079FFC8 /* SendSmsOTPService.swift in Sources */,
				27CB5A8E2A2DC62D0079FFC8 /* FacebookSignInViewModel.swift in Sources */,
				27CB5A382A2DC4E30079FFC8 /* SceneDelegate.swift in Sources */,
				CA2223BA2A2BB34A005164BB /* SafeAreaInsets.swift in Sources */,
				278B4FBD2A2DDF16008AEA1B /* OutlineTextFieldView.swift in Sources */,
				27CB5A9C2A2DC62D0079FFC8 /* FacebookAuthService.swift in Sources */,
				27D436E82A32B6CD003CD4F8 /* MainView.swift in Sources */,
				CA2223C22A2BB34A005164BB /* ConfettiSwiftUI.swift in Sources */,
				27CB5A8C2A2DC62D0079FFC8 /* AppleSignInViewModel.swift in Sources */,
				CA22239E2A2BB34A005164BB /* CustomSheet.swift in Sources */,
				CA22239C2A2BB34A005164BB /* MarqueeText.swift in Sources */,
				27D436F52A330E85003CD4F8 /* AddressView.swift in Sources */,
				27CB5A7E2A2DC62D0079FFC8 /* SignUpView.swift in Sources */,
				27CB5A9A2A2DC62D0079FFC8 /* BaseService.swift in Sources */,
				27CB5A812A2DC62D0079FFC8 /* SignUpSuccessView.swift in Sources */,
				CA2223962A2BB34A005164BB /* IAPHandler.swift in Sources */,
				27CB5A3E2A2DC5B50079FFC8 /* Utilities.swift in Sources */,
				278B4FA62A2DDEE7008AEA1B /* StorageProtocol.swift in Sources */,
				CA2223C62A2BB34A005164BB /* Font.swift in Sources */,
				278D14DF2A38488100F23B0B /* Constants.swift in Sources */,
				278B4FC62A2DDFE7008AEA1B /* FirestoreService.swift in Sources */,
				27CB5A7F2A2DC62D0079FFC8 /* ConfirmPhoneNumberView.swift in Sources */,
				278B4FA72A2DDEE7008AEA1B /* FirestoreProtocol.swift in Sources */,
				CA2223C72A2BB34A005164BB /* UIApplication.swift in Sources */,
				27B2FBEB2A31D1940084F184 /* PhoneAuthViewModel.swift in Sources */,
				27CB5A862A2DC62D0079FFC8 /* ForgetPasswordViewModel.swift in Sources */,
				CA2223CA2A2BB34A005164BB /* TimeInterval.swift in Sources */,
				CA2223C12A2BB34A005164BB /* SlimRectangle.swift in Sources */,
				CA2223EB2A2BD0F3005164BB /* Coordinator.swift in Sources */,
				278B4FBA2A2DDF16008AEA1B /* GetAllPostView.swift in Sources */,
				27CB5A992A2DC62D0079FFC8 /* GoogleAuthService.swift in Sources */,
				278B4FBC2A2DDF16008AEA1B /* PostingScreenViewModel.swift in Sources */,
				CA2223992A2BB34A005164BB /* CustomActivity.swift in Sources */,
				27CB5A912A2DC62D0079FFC8 /* GoogleSignInView.swift in Sources */,
				CA2223A92A2BB34A005164BB /* MyAlert.swift in Sources */,
				CA2223C52A2BB34A005164BB /* Views.swift in Sources */,
				27D436F82A331964003CD4F8 /* IdentificationView.swift in Sources */,
				27CB5A972A2DC62D0079FFC8 /* AuthService.swift in Sources */,
				278D14E32A38705E00F23B0B /* EditAvatarViewModel.swift in Sources */,
				CA2223BE2A2BB34A005164BB /* String.swift in Sources */,
				27CB5A802A2DC62D0079FFC8 /* ConfirmPhoneNumberViewModel.swift in Sources */,
				CA2223B62A2BB34A005164BB /* Date.swift in Sources */,
				CA2223A32A2BB34A005164BB /* NativeContentView.swift in Sources */,
				278B4FA32A2DDEBB008AEA1B /* PostModelBuilder.swift in Sources */,
				278B4FB92A2DDF16008AEA1B /* GetAllPostViewModel.swift in Sources */,
			);
			runOnlyForDeploymentPostprocessing = 0;
		};
/* End PBXSourcesBuildPhase section */

/* Begin XCBuildConfiguration section */
		CA22234F2A2BB32A005164BB /* Debug */ = {
			isa = XCBuildConfiguration;
			buildSettings = {
				ALWAYS_SEARCH_USER_PATHS = NO;
				CLANG_ANALYZER_NONNULL = YES;
				CLANG_ANALYZER_NUMBER_OBJECT_CONVERSION = YES_AGGRESSIVE;
				CLANG_CXX_LANGUAGE_STANDARD = "gnu++20";
				CLANG_ENABLE_MODULES = YES;
				CLANG_ENABLE_OBJC_ARC = YES;
				CLANG_ENABLE_OBJC_WEAK = YES;
				CLANG_WARN_BLOCK_CAPTURE_AUTORELEASING = YES;
				CLANG_WARN_BOOL_CONVERSION = YES;
				CLANG_WARN_COMMA = YES;
				CLANG_WARN_CONSTANT_CONVERSION = YES;
				CLANG_WARN_DEPRECATED_OBJC_IMPLEMENTATIONS = YES;
				CLANG_WARN_DIRECT_OBJC_ISA_USAGE = YES_ERROR;
				CLANG_WARN_DOCUMENTATION_COMMENTS = YES;
				CLANG_WARN_EMPTY_BODY = YES;
				CLANG_WARN_ENUM_CONVERSION = YES;
				CLANG_WARN_INFINITE_RECURSION = YES;
				CLANG_WARN_INT_CONVERSION = YES;
				CLANG_WARN_NON_LITERAL_NULL_CONVERSION = YES;
				CLANG_WARN_OBJC_IMPLICIT_RETAIN_SELF = YES;
				CLANG_WARN_OBJC_LITERAL_CONVERSION = YES;
				CLANG_WARN_OBJC_ROOT_CLASS = YES_ERROR;
				CLANG_WARN_QUOTED_INCLUDE_IN_FRAMEWORK_HEADER = YES;
				CLANG_WARN_RANGE_LOOP_ANALYSIS = YES;
				CLANG_WARN_STRICT_PROTOTYPES = YES;
				CLANG_WARN_SUSPICIOUS_MOVE = YES;
				CLANG_WARN_UNGUARDED_AVAILABILITY = YES_AGGRESSIVE;
				CLANG_WARN_UNREACHABLE_CODE = YES;
				CLANG_WARN__DUPLICATE_METHOD_MATCH = YES;
				COPY_PHASE_STRIP = NO;
				DEBUG_INFORMATION_FORMAT = dwarf;
				ENABLE_STRICT_OBJC_MSGSEND = YES;
				ENABLE_TESTABILITY = YES;
				GCC_C_LANGUAGE_STANDARD = gnu11;
				GCC_DYNAMIC_NO_PIC = NO;
				GCC_NO_COMMON_BLOCKS = YES;
				GCC_OPTIMIZATION_LEVEL = 0;
				GCC_PREPROCESSOR_DEFINITIONS = (
					"DEBUG=1",
					"$(inherited)",
				);
				GCC_WARN_64_TO_32_BIT_CONVERSION = YES;
				GCC_WARN_ABOUT_RETURN_TYPE = YES_ERROR;
				GCC_WARN_UNDECLARED_SELECTOR = YES;
				GCC_WARN_UNINITIALIZED_AUTOS = YES_AGGRESSIVE;
				GCC_WARN_UNUSED_FUNCTION = YES;
				GCC_WARN_UNUSED_VARIABLE = YES;
				IPHONEOS_DEPLOYMENT_TARGET = 16.2;
				MTL_ENABLE_DEBUG_INFO = INCLUDE_SOURCE;
				MTL_FAST_MATH = YES;
				ONLY_ACTIVE_ARCH = YES;
				SDKROOT = iphoneos;
				SWIFT_ACTIVE_COMPILATION_CONDITIONS = DEBUG;
				SWIFT_OPTIMIZATION_LEVEL = "-Onone";
			};
			name = Debug;
		};
		CA2223502A2BB32A005164BB /* Release */ = {
			isa = XCBuildConfiguration;
			buildSettings = {
				ALWAYS_SEARCH_USER_PATHS = NO;
				CLANG_ANALYZER_NONNULL = YES;
				CLANG_ANALYZER_NUMBER_OBJECT_CONVERSION = YES_AGGRESSIVE;
				CLANG_CXX_LANGUAGE_STANDARD = "gnu++20";
				CLANG_ENABLE_MODULES = YES;
				CLANG_ENABLE_OBJC_ARC = YES;
				CLANG_ENABLE_OBJC_WEAK = YES;
				CLANG_WARN_BLOCK_CAPTURE_AUTORELEASING = YES;
				CLANG_WARN_BOOL_CONVERSION = YES;
				CLANG_WARN_COMMA = YES;
				CLANG_WARN_CONSTANT_CONVERSION = YES;
				CLANG_WARN_DEPRECATED_OBJC_IMPLEMENTATIONS = YES;
				CLANG_WARN_DIRECT_OBJC_ISA_USAGE = YES_ERROR;
				CLANG_WARN_DOCUMENTATION_COMMENTS = YES;
				CLANG_WARN_EMPTY_BODY = YES;
				CLANG_WARN_ENUM_CONVERSION = YES;
				CLANG_WARN_INFINITE_RECURSION = YES;
				CLANG_WARN_INT_CONVERSION = YES;
				CLANG_WARN_NON_LITERAL_NULL_CONVERSION = YES;
				CLANG_WARN_OBJC_IMPLICIT_RETAIN_SELF = YES;
				CLANG_WARN_OBJC_LITERAL_CONVERSION = YES;
				CLANG_WARN_OBJC_ROOT_CLASS = YES_ERROR;
				CLANG_WARN_QUOTED_INCLUDE_IN_FRAMEWORK_HEADER = YES;
				CLANG_WARN_RANGE_LOOP_ANALYSIS = YES;
				CLANG_WARN_STRICT_PROTOTYPES = YES;
				CLANG_WARN_SUSPICIOUS_MOVE = YES;
				CLANG_WARN_UNGUARDED_AVAILABILITY = YES_AGGRESSIVE;
				CLANG_WARN_UNREACHABLE_CODE = YES;
				CLANG_WARN__DUPLICATE_METHOD_MATCH = YES;
				COPY_PHASE_STRIP = NO;
				DEBUG_INFORMATION_FORMAT = "dwarf-with-dsym";
				ENABLE_NS_ASSERTIONS = NO;
				ENABLE_STRICT_OBJC_MSGSEND = YES;
				GCC_C_LANGUAGE_STANDARD = gnu11;
				GCC_NO_COMMON_BLOCKS = YES;
				GCC_WARN_64_TO_32_BIT_CONVERSION = YES;
				GCC_WARN_ABOUT_RETURN_TYPE = YES_ERROR;
				GCC_WARN_UNDECLARED_SELECTOR = YES;
				GCC_WARN_UNINITIALIZED_AUTOS = YES_AGGRESSIVE;
				GCC_WARN_UNUSED_FUNCTION = YES;
				GCC_WARN_UNUSED_VARIABLE = YES;
				IPHONEOS_DEPLOYMENT_TARGET = 16.2;
				MTL_ENABLE_DEBUG_INFO = NO;
				MTL_FAST_MATH = YES;
				SDKROOT = iphoneos;
				SWIFT_COMPILATION_MODE = wholemodule;
				SWIFT_OPTIMIZATION_LEVEL = "-O";
				VALIDATE_PRODUCT = YES;
			};
			name = Release;
		};
		CA2223522A2BB32A005164BB /* Debug */ = {
			isa = XCBuildConfiguration;
			baseConfigurationReference = 1C8F34F3EB7BBB7C28CA6A6D /* Pods-DefaultProject.debug.xcconfig */;
			buildSettings = {
				ASSETCATALOG_COMPILER_APPICON_NAME = AppIcon;
				ASSETCATALOG_COMPILER_GLOBAL_ACCENT_COLOR_NAME = AccentColor;
				CODE_SIGN_ENTITLEMENTS = DefaultProject/DefaultProject.entitlements;
				CODE_SIGN_STYLE = Automatic;
				CURRENT_PROJECT_VERSION = 1;
				DEVELOPMENT_ASSET_PATHS = "\"DefaultProject/Preview Content\"";
				DEVELOPMENT_TEAM = PD5C78B8LS;
				ENABLE_PREVIEWS = YES;
				GENERATE_INFOPLIST_FILE = YES;
				INFOPLIST_FILE = DefaultProject/Info.plist;
				INFOPLIST_KEY_NSUserTrackingUsageDescription = "This identifier will be used to deliver personalized ads to you";
				INFOPLIST_KEY_UIApplicationSupportsIndirectInputEvents = YES;
				INFOPLIST_KEY_UILaunchScreen_Generation = YES;
				INFOPLIST_KEY_UILaunchStoryboardName = "Launch Screen.storyboard";
				INFOPLIST_KEY_UIRequiresFullScreen = YES;
				INFOPLIST_KEY_UISupportedInterfaceOrientations = UIInterfaceOrientationPortrait;
				INFOPLIST_KEY_UISupportedInterfaceOrientations_iPad = "UIInterfaceOrientationLandscapeLeft UIInterfaceOrientationLandscapeRight UIInterfaceOrientationPortrait UIInterfaceOrientationPortraitUpsideDown";
				IPHONEOS_DEPLOYMENT_TARGET = 15.0;
				LD_RUNPATH_SEARCH_PATHS = (
					"$(inherited)",
					"@executable_path/Frameworks",
				);
				MARKETING_VERSION = 1.0;
				PRODUCT_BUNDLE_IDENTIFIER = com.default.DefaultProject;
				PRODUCT_NAME = "$(TARGET_NAME)";
				SWIFT_EMIT_LOC_STRINGS = YES;
				SWIFT_VERSION = 5.0;
				TARGETED_DEVICE_FAMILY = "1,2";
			};
			name = Debug;
		};
		CA2223532A2BB32A005164BB /* Release */ = {
			isa = XCBuildConfiguration;
			baseConfigurationReference = 568923DA4B8560D0A166B908 /* Pods-DefaultProject.release.xcconfig */;
			buildSettings = {
				ASSETCATALOG_COMPILER_APPICON_NAME = AppIcon;
				ASSETCATALOG_COMPILER_GLOBAL_ACCENT_COLOR_NAME = AccentColor;
				CODE_SIGN_ENTITLEMENTS = DefaultProject/DefaultProject.entitlements;
				CODE_SIGN_STYLE = Automatic;
				CURRENT_PROJECT_VERSION = 1;
				DEVELOPMENT_ASSET_PATHS = "\"DefaultProject/Preview Content\"";
				DEVELOPMENT_TEAM = PD5C78B8LS;
				ENABLE_PREVIEWS = YES;
				GENERATE_INFOPLIST_FILE = YES;
				INFOPLIST_FILE = DefaultProject/Info.plist;
				INFOPLIST_KEY_NSUserTrackingUsageDescription = "This identifier will be used to deliver personalized ads to you";
				INFOPLIST_KEY_UIApplicationSupportsIndirectInputEvents = YES;
				INFOPLIST_KEY_UILaunchScreen_Generation = YES;
				INFOPLIST_KEY_UILaunchStoryboardName = "Launch Screen.storyboard";
				INFOPLIST_KEY_UIRequiresFullScreen = YES;
				INFOPLIST_KEY_UISupportedInterfaceOrientations = UIInterfaceOrientationPortrait;
				INFOPLIST_KEY_UISupportedInterfaceOrientations_iPad = "UIInterfaceOrientationLandscapeLeft UIInterfaceOrientationLandscapeRight UIInterfaceOrientationPortrait UIInterfaceOrientationPortraitUpsideDown";
				IPHONEOS_DEPLOYMENT_TARGET = 15.0;
				LD_RUNPATH_SEARCH_PATHS = (
					"$(inherited)",
					"@executable_path/Frameworks",
				);
				MARKETING_VERSION = 1.0;
				PRODUCT_BUNDLE_IDENTIFIER = com.default.DefaultProject;
				PRODUCT_NAME = "$(TARGET_NAME)";
				SWIFT_EMIT_LOC_STRINGS = YES;
				SWIFT_VERSION = 5.0;
				TARGETED_DEVICE_FAMILY = "1,2";
			};
			name = Release;
		};
/* End XCBuildConfiguration section */

/* Begin XCConfigurationList section */
		CA22233E2A2BB329005164BB /* Build configuration list for PBXProject "DefaultProject" */ = {
			isa = XCConfigurationList;
			buildConfigurations = (
				CA22234F2A2BB32A005164BB /* Debug */,
				CA2223502A2BB32A005164BB /* Release */,
			);
			defaultConfigurationIsVisible = 0;
			defaultConfigurationName = Release;
		};
		CA2223512A2BB32A005164BB /* Build configuration list for PBXNativeTarget "DefaultProject" */ = {
			isa = XCConfigurationList;
			buildConfigurations = (
				CA2223522A2BB32A005164BB /* Debug */,
				CA2223532A2BB32A005164BB /* Release */,
			);
			defaultConfigurationIsVisible = 0;
			defaultConfigurationName = Release;
		};
/* End XCConfigurationList section */
	};
	rootObject = CA22233B2A2BB329005164BB /* Project object */;
}
